
Microsoft Visual Studio Solution File, Format Version 12.00
# Visual Studio Version 16
VisualStudioVersion = 16.0.28705.295
MinimumVisualStudioVersion = 16.0
Project("{2150E333-8FDC-42A3-9474-1A3956D46DE8}") = "containers", "containers", "{A62712C5-5144-411F-B0C0-E31E578383E1}"
EndProject
Project("{FAE04EC0-301F-11D3-BF4B-00C04F79EFBC}") = "VsClk.Portal.WebSite", "containers\VsClk.Portal.WebSite\VsClk.Portal.WebSite.csproj", "{60438EFB-9B21-46D5-8D18-18655BE47B8F}"
EndProject
Project("{FAE04EC0-301F-11D3-BF4B-00C04F79EFBC}") = "service-deploy", "deploy\service-deploy.csproj", "{1DE39AC0-AC56-47A1-9CB0-E2243A2B47E2}"
EndProject
Project("{FAE04EC0-301F-11D3-BF4B-00C04F79EFBC}") = "PortForwarding.Common", "..\PortForwarding\PortForwarding.Common\Src\PortForwarding.Common\PortForwarding.Common.csproj", "{35B61F5D-0420-4668-A1DA-02314B19945C}"
EndProject
Project("{FAE04EC0-301F-11D3-BF4B-00C04F79EFBC}") = "Connections.Contracts", "..\PortForwarding\Connections.Contracts\Src\Connections.Contracts\Connections.Contracts.csproj", "{77A416FA-5B67-4F20-BAF1-BD928592C1FF}"
EndProject
Project("{2150E333-8FDC-42A3-9474-1A3956D46DE8}") = "test", "test", "{CAD4CD6A-B5D5-4AE8-97C0-F502BBD3867C}"
EndProject
Project("{FAE04EC0-301F-11D3-BF4B-00C04F79EFBC}") = "PortalWebsite.Test", "..\Portal\PortalWebsite\Test\PortalWebsite.Test\PortalWebsite.Test.csproj", "{2F7C19B5-124C-4663-98C6-2E36DEE9FEBF}"
EndProject
Global
	GlobalSection(SolutionConfigurationPlatforms) = preSolution
		Debug|Any CPU = Debug|Any CPU
		Debug|x64 = Debug|x64
		Debug|x86 = Debug|x86
		Release|Any CPU = Release|Any CPU
		Release|x64 = Release|x64
		Release|x86 = Release|x86
	EndGlobalSection
	GlobalSection(ProjectConfigurationPlatforms) = postSolution
		{60438EFB-9B21-46D5-8D18-18655BE47B8F}.Debug|Any CPU.ActiveCfg = Debug|Any CPU
		{60438EFB-9B21-46D5-8D18-18655BE47B8F}.Debug|Any CPU.Build.0 = Debug|Any CPU
		{60438EFB-9B21-46D5-8D18-18655BE47B8F}.Debug|x64.ActiveCfg = Debug|Any CPU
		{60438EFB-9B21-46D5-8D18-18655BE47B8F}.Debug|x64.Build.0 = Debug|Any CPU
		{60438EFB-9B21-46D5-8D18-18655BE47B8F}.Debug|x86.ActiveCfg = Debug|Any CPU
		{60438EFB-9B21-46D5-8D18-18655BE47B8F}.Debug|x86.Build.0 = Debug|Any CPU
		{60438EFB-9B21-46D5-8D18-18655BE47B8F}.Release|Any CPU.ActiveCfg = Release|Any CPU
		{60438EFB-9B21-46D5-8D18-18655BE47B8F}.Release|Any CPU.Build.0 = Release|Any CPU
		{60438EFB-9B21-46D5-8D18-18655BE47B8F}.Release|x64.ActiveCfg = Release|Any CPU
		{60438EFB-9B21-46D5-8D18-18655BE47B8F}.Release|x64.Build.0 = Release|Any CPU
		{60438EFB-9B21-46D5-8D18-18655BE47B8F}.Release|x86.ActiveCfg = Release|Any CPU
		{60438EFB-9B21-46D5-8D18-18655BE47B8F}.Release|x86.Build.0 = Release|Any CPU
		{FC4368D9-71AA-409D-82BE-B1B36B80F9BC}.Debug|Any CPU.ActiveCfg = Debug|Any CPU
		{FC4368D9-71AA-409D-82BE-B1B36B80F9BC}.Debug|Any CPU.Build.0 = Debug|Any CPU
		{FC4368D9-71AA-409D-82BE-B1B36B80F9BC}.Debug|x64.ActiveCfg = Debug|Any CPU
		{FC4368D9-71AA-409D-82BE-B1B36B80F9BC}.Debug|x64.Build.0 = Debug|Any CPU
		{FC4368D9-71AA-409D-82BE-B1B36B80F9BC}.Debug|x86.ActiveCfg = Debug|Any CPU
		{FC4368D9-71AA-409D-82BE-B1B36B80F9BC}.Debug|x86.Build.0 = Debug|Any CPU
		{FC4368D9-71AA-409D-82BE-B1B36B80F9BC}.Release|Any CPU.ActiveCfg = Release|Any CPU
		{FC4368D9-71AA-409D-82BE-B1B36B80F9BC}.Release|Any CPU.Build.0 = Release|Any CPU
		{FC4368D9-71AA-409D-82BE-B1B36B80F9BC}.Release|x64.ActiveCfg = Release|Any CPU
		{FC4368D9-71AA-409D-82BE-B1B36B80F9BC}.Release|x64.Build.0 = Release|Any CPU
		{FC4368D9-71AA-409D-82BE-B1B36B80F9BC}.Release|x86.ActiveCfg = Release|Any CPU
		{FC4368D9-71AA-409D-82BE-B1B36B80F9BC}.Release|x86.Build.0 = Release|Any CPU
		{1DE39AC0-AC56-47A1-9CB0-E2243A2B47E2}.Debug|Any CPU.ActiveCfg = Debug|Any CPU
		{1DE39AC0-AC56-47A1-9CB0-E2243A2B47E2}.Debug|Any CPU.Build.0 = Debug|Any CPU
		{1DE39AC0-AC56-47A1-9CB0-E2243A2B47E2}.Debug|x64.ActiveCfg = Debug|Any CPU
		{1DE39AC0-AC56-47A1-9CB0-E2243A2B47E2}.Debug|x64.Build.0 = Debug|Any CPU
		{1DE39AC0-AC56-47A1-9CB0-E2243A2B47E2}.Debug|x86.ActiveCfg = Debug|Any CPU
		{1DE39AC0-AC56-47A1-9CB0-E2243A2B47E2}.Debug|x86.Build.0 = Debug|Any CPU
		{1DE39AC0-AC56-47A1-9CB0-E2243A2B47E2}.Release|Any CPU.ActiveCfg = Release|Any CPU
		{1DE39AC0-AC56-47A1-9CB0-E2243A2B47E2}.Release|Any CPU.Build.0 = Release|Any CPU
		{1DE39AC0-AC56-47A1-9CB0-E2243A2B47E2}.Release|x64.ActiveCfg = Release|Any CPU
		{1DE39AC0-AC56-47A1-9CB0-E2243A2B47E2}.Release|x64.Build.0 = Release|Any CPU
		{1DE39AC0-AC56-47A1-9CB0-E2243A2B47E2}.Release|x86.ActiveCfg = Release|Any CPU
		{1DE39AC0-AC56-47A1-9CB0-E2243A2B47E2}.Release|x86.Build.0 = Release|Any CPU
		{35B61F5D-0420-4668-A1DA-02314B19945C}.Debug|Any CPU.ActiveCfg = Debug|Any CPU
		{35B61F5D-0420-4668-A1DA-02314B19945C}.Debug|Any CPU.Build.0 = Debug|Any CPU
		{35B61F5D-0420-4668-A1DA-02314B19945C}.Debug|x64.ActiveCfg = Debug|Any CPU
		{35B61F5D-0420-4668-A1DA-02314B19945C}.Debug|x64.Build.0 = Debug|Any CPU
		{35B61F5D-0420-4668-A1DA-02314B19945C}.Debug|x86.ActiveCfg = Debug|Any CPU
		{35B61F5D-0420-4668-A1DA-02314B19945C}.Debug|x86.Build.0 = Debug|Any CPU
		{35B61F5D-0420-4668-A1DA-02314B19945C}.Release|Any CPU.ActiveCfg = Release|Any CPU
		{35B61F5D-0420-4668-A1DA-02314B19945C}.Release|Any CPU.Build.0 = Release|Any CPU
		{35B61F5D-0420-4668-A1DA-02314B19945C}.Release|x64.ActiveCfg = Release|Any CPU
		{35B61F5D-0420-4668-A1DA-02314B19945C}.Release|x64.Build.0 = Release|Any CPU
		{35B61F5D-0420-4668-A1DA-02314B19945C}.Release|x86.ActiveCfg = Release|Any CPU
		{35B61F5D-0420-4668-A1DA-02314B19945C}.Release|x86.Build.0 = Release|Any CPU
		{77A416FA-5B67-4F20-BAF1-BD928592C1FF}.Debug|Any CPU.ActiveCfg = Debug|Any CPU
		{77A416FA-5B67-4F20-BAF1-BD928592C1FF}.Debug|Any CPU.Build.0 = Debug|Any CPU
		{77A416FA-5B67-4F20-BAF1-BD928592C1FF}.Debug|x64.ActiveCfg = Debug|Any CPU
		{77A416FA-5B67-4F20-BAF1-BD928592C1FF}.Debug|x64.Build.0 = Debug|Any CPU
		{77A416FA-5B67-4F20-BAF1-BD928592C1FF}.Debug|x86.ActiveCfg = Debug|Any CPU
		{77A416FA-5B67-4F20-BAF1-BD928592C1FF}.Debug|x86.Build.0 = Debug|Any CPU
		{77A416FA-5B67-4F20-BAF1-BD928592C1FF}.Release|Any CPU.ActiveCfg = Release|Any CPU
		{77A416FA-5B67-4F20-BAF1-BD928592C1FF}.Release|Any CPU.Build.0 = Release|Any CPU
		{77A416FA-5B67-4F20-BAF1-BD928592C1FF}.Release|x64.ActiveCfg = Release|Any CPU
		{77A416FA-5B67-4F20-BAF1-BD928592C1FF}.Release|x64.Build.0 = Release|Any CPU
		{77A416FA-5B67-4F20-BAF1-BD928592C1FF}.Release|x86.ActiveCfg = Release|Any CPU
		{77A416FA-5B67-4F20-BAF1-BD928592C1FF}.Release|x86.Build.0 = Release|Any CPU
		{2F7C19B5-124C-4663-98C6-2E36DEE9FEBF}.Debug|Any CPU.ActiveCfg = Debug|Any CPU
		{2F7C19B5-124C-4663-98C6-2E36DEE9FEBF}.Debug|Any CPU.Build.0 = Debug|Any CPU
		{2F7C19B5-124C-4663-98C6-2E36DEE9FEBF}.Debug|x64.ActiveCfg = Debug|Any CPU
		{2F7C19B5-124C-4663-98C6-2E36DEE9FEBF}.Debug|x64.Build.0 = Debug|Any CPU
		{2F7C19B5-124C-4663-98C6-2E36DEE9FEBF}.Debug|x86.ActiveCfg = Debug|Any CPU
		{2F7C19B5-124C-4663-98C6-2E36DEE9FEBF}.Debug|x86.Build.0 = Debug|Any CPU
		{2F7C19B5-124C-4663-98C6-2E36DEE9FEBF}.Release|Any CPU.ActiveCfg = Release|Any CPU
		{2F7C19B5-124C-4663-98C6-2E36DEE9FEBF}.Release|Any CPU.Build.0 = Release|Any CPU
		{2F7C19B5-124C-4663-98C6-2E36DEE9FEBF}.Release|x64.ActiveCfg = Release|Any CPU
		{2F7C19B5-124C-4663-98C6-2E36DEE9FEBF}.Release|x64.Build.0 = Release|Any CPU
		{2F7C19B5-124C-4663-98C6-2E36DEE9FEBF}.Release|x86.ActiveCfg = Release|Any CPU
		{2F7C19B5-124C-4663-98C6-2E36DEE9FEBF}.Release|x86.Build.0 = Release|Any CPU
	EndGlobalSection
	GlobalSection(SolutionProperties) = preSolution
		HideSolutionNode = FALSE
	EndGlobalSection
	GlobalSection(ExtensibilityGlobals) = postSolution
		SolutionGuid = {660D76EF-BC71-4B4A-A467-3A1026696963}
	EndGlobalSection
	GlobalSection(NestedProjects) = preSolution
		{60438EFB-9B21-46D5-8D18-18655BE47B8F} = {A62712C5-5144-411F-B0C0-E31E578383E1}
		{FC4368D9-71AA-409D-82BE-B1B36B80F9BC} = {2B755A01-3819-466B-9ED2-00B190F7EDA4}
		{35B61F5D-0420-4668-A1DA-02314B19945C} = {2B755A01-3819-466B-9ED2-00B190F7EDA4}
		{77A416FA-5B67-4F20-BAF1-BD928592C1FF} = {2B755A01-3819-466B-9ED2-00B190F7EDA4}
		{2F7C19B5-124C-4663-98C6-2E36DEE9FEBF} = {CAD4CD6A-B5D5-4AE8-97C0-F502BBD3867C}
	EndGlobalSection
EndGlobal
