
Microsoft Visual Studio Solution File, Format Version 12.00
# Visual Studio Version 16
VisualStudioVersion = 16.0.30020.15
MinimumVisualStudioVersion = 15.0.27703.2026
Project("{FAE04EC0-301F-11D3-BF4B-00C04F79EFBC}") = "Extension", "Default\Extension\Extension.csproj", "{6C088569-F0CE-4367-B087-EE77D4A4252A}"
EndProject
Global
	GlobalSection(SolutionConfigurationPlatforms) = preSolution
		Debug|AnyCPU = Debug|AnyCPU
		Release|AnyCPU = Release|AnyCPU
	EndGlobalSection
	GlobalSection(ProjectConfigurationPlatforms) = postSolution
		{6C088569-F0CE-4367-B087-EE77D4A4252A}.Debug|AnyCPU.ActiveCfg = Debug|Any CPU
		{6C088569-F0CE-4367-B087-EE77D4A4252A}.Debug|AnyCPU.Build.0 = Debug|Any CPU
		{6C088569-F0CE-4367-B087-EE77D4A4252A}.Release|AnyCPU.ActiveCfg = Release|Any CPU
		{6C088569-F0CE-4367-B087-EE77D4A4252A}.Release|AnyCPU.Build.0 = Release|Any CPU
	EndGlobalSection
	GlobalSection(SolutionProperties) = preSolution
		HideSolutionNode = FALSE
	EndGlobalSection
	GlobalSection(ExtensibilityGlobals) = postSolution
		SolutionGuid = {57005E06-4132-4B0D-8AC4-9D6DB203F6E0}
	EndGlobalSection
EndGlobal
