
Microsoft Visual Studio Solution File, Format Version 12.00
# Visual Studio 15
VisualStudioVersion = 15.0.26124.0
MinimumVisualStudioVersion = 15.0.26124.0
Project("{FAE04EC0-301F-11D3-BF4B-00C04F79EFBC}") = "Capacity", "..\Src\Capacity\Capacity.csproj", "{45790B42-4D48-403C-8ADD-417324767ADB}"
EndProject
Project("{FAE04EC0-301F-11D3-BF4B-00C04F79EFBC}") = "Capacity.Test", "..\Test\Capacity.Test\Capacity.Test.csproj", "{EED48DEB-2B65-4C5D-85CF-0306F004CFDB}"
EndProject
Project("{FAE04EC0-301F-11D3-BF4B-00C04F79EFBC}") = "SystemCatalog.Abstractions", "..\..\SystemCatalog\src\SystemCatalog.Abstractions\SystemCatalog.Abstractions.csproj", "{A1440B3A-9DDA-4FB7-BC8D-9BA87E229477}"
EndProject
Global
	GlobalSection(SolutionConfigurationPlatforms) = preSolution
		Debug|Any CPU = Debug|Any CPU
		Debug|x64 = Debug|x64
		Debug|x86 = Debug|x86
		Release|Any CPU = Release|Any CPU
		Release|x64 = Release|x64
		Release|x86 = Release|x86
	EndGlobalSection
	GlobalSection(SolutionProperties) = preSolution
		HideSolutionNode = FALSE
	EndGlobalSection
	GlobalSection(ProjectConfigurationPlatforms) = postSolution
		{45790B42-4D48-403C-8ADD-417324767ADB}.Debug|Any CPU.ActiveCfg = Debug|Any CPU
		{45790B42-4D48-403C-8ADD-417324767ADB}.Debug|Any CPU.Build.0 = Debug|Any CPU
		{45790B42-4D48-403C-8ADD-417324767ADB}.Debug|x64.ActiveCfg = Debug|Any CPU
		{45790B42-4D48-403C-8ADD-417324767ADB}.Debug|x64.Build.0 = Debug|Any CPU
		{45790B42-4D48-403C-8ADD-417324767ADB}.Debug|x86.ActiveCfg = Debug|Any CPU
		{45790B42-4D48-403C-8ADD-417324767ADB}.Debug|x86.Build.0 = Debug|Any CPU
		{45790B42-4D48-403C-8ADD-417324767ADB}.Release|Any CPU.ActiveCfg = Release|Any CPU
		{45790B42-4D48-403C-8ADD-417324767ADB}.Release|Any CPU.Build.0 = Release|Any CPU
		{45790B42-4D48-403C-8ADD-417324767ADB}.Release|x64.ActiveCfg = Release|Any CPU
		{45790B42-4D48-403C-8ADD-417324767ADB}.Release|x64.Build.0 = Release|Any CPU
		{45790B42-4D48-403C-8ADD-417324767ADB}.Release|x86.ActiveCfg = Release|Any CPU
		{45790B42-4D48-403C-8ADD-417324767ADB}.Release|x86.Build.0 = Release|Any CPU
		{EED48DEB-2B65-4C5D-85CF-0306F004CFDB}.Debug|Any CPU.ActiveCfg = Debug|Any CPU
		{EED48DEB-2B65-4C5D-85CF-0306F004CFDB}.Debug|Any CPU.Build.0 = Debug|Any CPU
		{EED48DEB-2B65-4C5D-85CF-0306F004CFDB}.Debug|x64.ActiveCfg = Debug|Any CPU
		{EED48DEB-2B65-4C5D-85CF-0306F004CFDB}.Debug|x64.Build.0 = Debug|Any CPU
		{EED48DEB-2B65-4C5D-85CF-0306F004CFDB}.Debug|x86.ActiveCfg = Debug|Any CPU
		{EED48DEB-2B65-4C5D-85CF-0306F004CFDB}.Debug|x86.Build.0 = Debug|Any CPU
		{EED48DEB-2B65-4C5D-85CF-0306F004CFDB}.Release|Any CPU.ActiveCfg = Release|Any CPU
		{EED48DEB-2B65-4C5D-85CF-0306F004CFDB}.Release|Any CPU.Build.0 = Release|Any CPU
		{EED48DEB-2B65-4C5D-85CF-0306F004CFDB}.Release|x64.ActiveCfg = Release|Any CPU
		{EED48DEB-2B65-4C5D-85CF-0306F004CFDB}.Release|x64.Build.0 = Release|Any CPU
		{EED48DEB-2B65-4C5D-85CF-0306F004CFDB}.Release|x86.ActiveCfg = Release|Any CPU
		{EED48DEB-2B65-4C5D-85CF-0306F004CFDB}.Release|x86.Build.0 = Release|Any CPU
		{A1440B3A-9DDA-4FB7-BC8D-9BA87E229477}.Debug|Any CPU.ActiveCfg = Debug|Any CPU
		{A1440B3A-9DDA-4FB7-BC8D-9BA87E229477}.Debug|Any CPU.Build.0 = Debug|Any CPU
		{A1440B3A-9DDA-4FB7-BC8D-9BA87E229477}.Debug|x64.ActiveCfg = Debug|Any CPU
		{A1440B3A-9DDA-4FB7-BC8D-9BA87E229477}.Debug|x64.Build.0 = Debug|Any CPU
		{A1440B3A-9DDA-4FB7-BC8D-9BA87E229477}.Debug|x86.ActiveCfg = Debug|Any CPU
		{A1440B3A-9DDA-4FB7-BC8D-9BA87E229477}.Debug|x86.Build.0 = Debug|Any CPU
		{A1440B3A-9DDA-4FB7-BC8D-9BA87E229477}.Release|Any CPU.ActiveCfg = Release|Any CPU
		{A1440B3A-9DDA-4FB7-BC8D-9BA87E229477}.Release|Any CPU.Build.0 = Release|Any CPU
		{A1440B3A-9DDA-4FB7-BC8D-9BA87E229477}.Release|x64.ActiveCfg = Release|Any CPU
		{A1440B3A-9DDA-4FB7-BC8D-9BA87E229477}.Release|x64.Build.0 = Release|Any CPU
		{A1440B3A-9DDA-4FB7-BC8D-9BA87E229477}.Release|x86.ActiveCfg = Release|Any CPU
		{A1440B3A-9DDA-4FB7-BC8D-9BA87E229477}.Release|x86.Build.0 = Release|Any CPU
	EndGlobalSection
EndGlobal
