
Microsoft Visual Studio Solution File, Format Version 12.00
# Visual Studio Version 16
VisualStudioVersion = 16.0.29123.89
MinimumVisualStudioVersion = 15.0.26124.0
Project("{9A19103F-16F7-4668-BE54-9A1E7A4F7556}") = "BackEndWebApi", "BackEndWebApi\Src\BackEndWebApi\BackEndWebApi.csproj", "{2A0106BC-FB68-4005-9C5C-EE3A3E49D02D}"
EndProject
Project("{2150E333-8FDC-42A3-9474-1A3956D46DE8}") = "Tests", "Tests", "{33EEBF2C-D32F-4DA5-9EA2-4BD7F19A3E3A}"
EndProject
Project("{9A19103F-16F7-4668-BE54-9A1E7A4F7556}") = "ComputeVirtualMachineProvider", "ComputeVirtualMachineProvider\Src\ComputeVirtualMachineProvider\ComputeVirtualMachineProvider.csproj", "{5CC146AD-5DD3-44C7-8B2B-80C53EDC1C77}"
EndProject
Project("{9A19103F-16F7-4668-BE54-9A1E7A4F7556}") = "ResourceBroker", "ResourceBroker\Src\ResourceBroker\ResourceBroker.csproj", "{AE08CBDF-009B-4315-87E6-ADA336BC80BC}"
EndProject
Project("{9A19103F-16F7-4668-BE54-9A1E7A4F7556}") = "StorageFileShareProvider", "StorageFileShareProvider\Src\StorageFileShareProvider\StorageFileShareProvider.csproj", "{5CC146AD-5DD3-44C7-8B2B-80C53EDC1C7B}"
EndProject
Project("{9A19103F-16F7-4668-BE54-9A1E7A4F7556}") = "SystemCatalog", "SystemCatalog\Src\SystemCatalog\SystemCatalog.csproj", "{5CC146AD-5DD3-44C7-8B2B-80C53EDC1C7A}"
EndProject
Project("{9A19103F-16F7-4668-BE54-9A1E7A4F7556}") = "ComputeVirtualMachineProvider.Abstractions", "ComputeVirtualMachineProvider\Src\ComputeVirtualMachineProvider.Abstractions\ComputeVirtualMachineProvider.Abstractions.csproj", "{5CC146AD-5DD3-44C7-8B2B-80C53EDC1C22}"
EndProject
Project("{9A19103F-16F7-4668-BE54-9A1E7A4F7556}") = "ResourceBroker.Abstractions", "ResourceBroker\Src\ResourceBroker.Abstractions\ResourceBroker.Abstractions.csproj", "{AE08CBDF-009B-4315-87E6-ADA336BC8033}"
EndProject
Project("{9A19103F-16F7-4668-BE54-9A1E7A4F7556}") = "StorageFileShareProvider.Abstractions", "StorageFileShareProvider\Src\StorageFileShareProvider.Abstractions\StorageFileShareProvider.Abstractions.csproj", "{5CC146AD-5DD3-44C7-8B2B-80C53EDC1C44}"
EndProject
Project("{9A19103F-16F7-4668-BE54-9A1E7A4F7556}") = "SystemCatalog.Abstractions", "SystemCatalog\Src\SystemCatalog.Abstractions\SystemCatalog.Abstractions.csproj", "{5CC146AD-5DD3-44C7-8B2B-80C53EDC1C55}"
EndProject
Project("{9A19103F-16F7-4668-BE54-9A1E7A4F7556}") = "ComputeVirtualMachineProvider.Models", "ComputeVirtualMachineProvider\Src\ComputeVirtualMachineProvider.Models\ComputeVirtualMachineProvider.Models.csproj", "{5CC146AD-5DD3-44C7-8B2B-80C53EDC1C88}"
EndProject
Project("{9A19103F-16F7-4668-BE54-9A1E7A4F7556}") = "ResourceBroker.Models", "ResourceBroker\Src\ResourceBroker.Models\ResourceBroker.Models.csproj", "{AE08CBDF-009B-4315-87E6-ADA336BC8099}"
EndProject
Project("{9A19103F-16F7-4668-BE54-9A1E7A4F7556}") = "StorageFileShareProvider.Models", "StorageFileShareProvider\Src\StorageFileShareProvider.Models\StorageFileShareProvider.Models.csproj", "{5CC146AD-5DD3-44C7-8B2B-80C53EDC1111}"
EndProject
Project("{9A19103F-16F7-4668-BE54-9A1E7A4F7556}") = "ComputeVirtualMachineProvider.Test", "ComputeVirtualMachineProvider\Test\ComputeVirtualMachineProvider.Test\ComputeVirtualMachineProvider.Test.csproj", "{5CC146AD-5DD3-44C7-8B2B-80C53EDC1CBB}"
EndProject
Project("{9A19103F-16F7-4668-BE54-9A1E7A4F7556}") = "ResourceBroker.Test", "ResourceBroker\Test\ResourceBroker.Test\ResourceBroker.Test.csproj", "{AE08CBDF-009B-4315-87E6-ADA336BC80CC}"
EndProject
Project("{9A19103F-16F7-4668-BE54-9A1E7A4F7556}") = "StorageFileShareProvider.Test", "StorageFileShareProvider\Test\StorageFileShareProvider.Test\StorageFileShareProvider.Test.csproj", "{5CC146AD-5DD3-44C7-8B2B-80C53EDC1CDD}"
EndProject
Project("{9A19103F-16F7-4668-BE54-9A1E7A4F7556}") = "SystemCatalog.Test", "SystemCatalog\Test\SystemCatalog.Test\SystemCatalog.Test.csproj", "{5CC146AD-5DD3-44C7-8B2B-80C53EDC1EEE}"
EndProject
Project("{2150E333-8FDC-42A3-9474-1A3956D46DE8}") = "Models", "Models", "{52A45056-1A1C-4EBE-BB7D-BCF6DF5A2C4D}"
EndProject
Project("{2150E333-8FDC-42A3-9474-1A3956D46DE8}") = "Abstractions", "Abstractions", "{0D2A59AD-E37E-4E01-B1AE-70FABC8FB955}"
EndProject
Project("{9A19103F-16F7-4668-BE54-9A1E7A4F7556}") = "Common.Abstractions", "Common\Src\Common.Abstractions\Common.Abstractions.csproj", "{44C148CA-314C-4DA0-B831-6973E3871308}"
EndProject
Project("{9A19103F-16F7-4668-BE54-9A1E7A4F7556}") = "Common.Test", "Common\Test\Common.Test\Common.Test.csproj", "{5DE6DF94-CCA0-402E-A425-27AFFA12F4A4}"
EndProject
Project("{9A19103F-16F7-4668-BE54-9A1E7A4F7556}") = "Common", "Common\Src\Common\Common.csproj", "{624B4141-D3D1-4FF6-BF6E-BE909025E279}"
EndProject
Project("{9A19103F-16F7-4668-BE54-9A1E7A4F7556}") = "Common.Models", "Common\Src\Common.Models\Common.Models.csproj", "{EE7BFE26-1BF2-4B61-9CA6-761421CBE982}"
EndProject
Project("{9A19103F-16F7-4668-BE54-9A1E7A4F7556}") = "SystemCatalog.Extensions", "SystemCatalog\Src\SystemCatalog.Extensions\SystemCatalog.Extensions.csproj", "{818C605B-AC99-4144-BE6A-D0BAB8C56CED}"
EndProject
Project("{9A19103F-16F7-4668-BE54-9A1E7A4F7556}") = "HttpContracts", "..\Common\Src\HttpContracts\HttpContracts.csproj", "{BADC4435-0809-4EA5-ACA1-E4C80721FC05}"
EndProject
Project("{9A19103F-16F7-4668-BE54-9A1E7A4F7556}") = "ScalingEngine", "ScalingEngine\Src\ScalingEngine\ScalingEngine.csproj", "{91F92A5A-76BF-4515-9172-33096B95B503}"
EndProject
Project("{9A19103F-16F7-4668-BE54-9A1E7A4F7556}") = "ScalingEngine.Abstractions", "ScalingEngine\Src\ScalingEngine.Abstractions\ScalingEngine.Abstractions.csproj", "{F73A3E6C-5D0C-4E50-ACF3-CC10ABCA5242}"
EndProject
Project("{9A19103F-16F7-4668-BE54-9A1E7A4F7556}") = "ScalingEngine.Models", "ScalingEngine\Src\ScalingEngine.Models\ScalingEngine.Models.csproj", "{AFAC3113-F7BB-41BE-BFBE-5F06D9B24444}"
EndProject
Project("{9A19103F-16F7-4668-BE54-9A1E7A4F7556}") = "ScalingEngine.Test", "ScalingEngine\Test\ScalingEngine.Test\ScalingEngine.Test.csproj", "{A34AD4ED-A1B5-429F-AF38-F398BCCE8438}"
EndProject
Project("{2150E333-8FDC-42A3-9474-1A3956D46DE8}") = "Extensions", "Extensions", "{4D495EAF-0CC5-4868-B375-A9431D636167}"
EndProject
Project("{9A19103F-16F7-4668-BE54-9A1E7A4F7556}") = "ResourceBroker.Extensions", "ResourceBroker\Src\ResourceBroker.Extensions\ResourceBroker.Extensions.csproj", "{3B1C5926-742D-474C-96B4-BCEDAB5FD520}"
EndProject
Project("{9A19103F-16F7-4668-BE54-9A1E7A4F7556}") = "ScalingEngine.Extensions", "ScalingEngine\Src\ScalingEngine.Extensions\ScalingEngine.Extensions.csproj", "{42907CDE-6001-4ECC-A82F-C432034F7ACA}"
EndProject
Project("{9A19103F-16F7-4668-BE54-9A1E7A4F7556}") = "ComputeVirtualMachineProvider.Extensions", "ComputeVirtualMachineProvider\Src\ComputeVirtualMachineProvider.Extensions\ComputeVirtualMachineProvider.Extensions.csproj", "{3B1C5926-742D-474C-96B4-BCEDAB5FD521}"
EndProject
Project("{9A19103F-16F7-4668-BE54-9A1E7A4F7556}") = "StorageFileShareProvider.Extensions", "StorageFileShareProvider\Src\StorageFileShareProvider.Extensions\StorageFileShareProvider.Extensions.csproj", "{42907CDE-6001-4ECC-A82F-C432034F7ACB}"
EndProject
Project("{9A19103F-16F7-4668-BE54-9A1E7A4F7556}") = "Capacity", "Capacity\Src\Capacity\Capacity.csproj", "{3F3BB118-C7CE-4F13-AC21-8B6492CDBD21}"
EndProject
Project("{9A19103F-16F7-4668-BE54-9A1E7A4F7556}") = "Capacity.Contracts", "Capacity\Src\Capacity.Contracts\Capacity.Contracts.csproj", "{26E1D1CE-1305-41C2-9873-BDB326949F27}"
EndProject
Project("{9A19103F-16F7-4668-BE54-9A1E7A4F7556}") = "Capacity.Test", "Capacity\Test\Capacity.Test\Capacity.Test.csproj", "{D122B7E7-21BC-4DC1-A42E-91D63916A070}"
EndProject
Global
	GlobalSection(SolutionConfigurationPlatforms) = preSolution
		Debug|Any CPU = Debug|Any CPU
		Debug|x64 = Debug|x64
		Debug|x86 = Debug|x86
		Release|Any CPU = Release|Any CPU
		Release|x64 = Release|x64
		Release|x86 = Release|x86
	EndGlobalSection
	GlobalSection(ProjectConfigurationPlatforms) = postSolution
		{2A0106BC-FB68-4005-9C5C-EE3A3E49D02D}.Debug|Any CPU.ActiveCfg = Debug|Any CPU
		{2A0106BC-FB68-4005-9C5C-EE3A3E49D02D}.Debug|Any CPU.Build.0 = Debug|Any CPU
		{2A0106BC-FB68-4005-9C5C-EE3A3E49D02D}.Debug|x64.ActiveCfg = Debug|Any CPU
		{2A0106BC-FB68-4005-9C5C-EE3A3E49D02D}.Debug|x64.Build.0 = Debug|Any CPU
		{2A0106BC-FB68-4005-9C5C-EE3A3E49D02D}.Debug|x86.ActiveCfg = Debug|Any CPU
		{2A0106BC-FB68-4005-9C5C-EE3A3E49D02D}.Debug|x86.Build.0 = Debug|Any CPU
		{2A0106BC-FB68-4005-9C5C-EE3A3E49D02D}.Release|Any CPU.ActiveCfg = Release|Any CPU
		{2A0106BC-FB68-4005-9C5C-EE3A3E49D02D}.Release|Any CPU.Build.0 = Release|Any CPU
		{2A0106BC-FB68-4005-9C5C-EE3A3E49D02D}.Release|x64.ActiveCfg = Release|Any CPU
		{2A0106BC-FB68-4005-9C5C-EE3A3E49D02D}.Release|x64.Build.0 = Release|Any CPU
		{2A0106BC-FB68-4005-9C5C-EE3A3E49D02D}.Release|x86.ActiveCfg = Release|Any CPU
		{2A0106BC-FB68-4005-9C5C-EE3A3E49D02D}.Release|x86.Build.0 = Release|Any CPU
		{5CC146AD-5DD3-44C7-8B2B-80C53EDC1C77}.Debug|Any CPU.ActiveCfg = Debug|Any CPU
		{5CC146AD-5DD3-44C7-8B2B-80C53EDC1C77}.Debug|Any CPU.Build.0 = Debug|Any CPU
		{5CC146AD-5DD3-44C7-8B2B-80C53EDC1C77}.Debug|x64.ActiveCfg = Debug|Any CPU
		{5CC146AD-5DD3-44C7-8B2B-80C53EDC1C77}.Debug|x64.Build.0 = Debug|Any CPU
		{5CC146AD-5DD3-44C7-8B2B-80C53EDC1C77}.Debug|x86.ActiveCfg = Debug|Any CPU
		{5CC146AD-5DD3-44C7-8B2B-80C53EDC1C77}.Debug|x86.Build.0 = Debug|Any CPU
		{5CC146AD-5DD3-44C7-8B2B-80C53EDC1C77}.Release|Any CPU.ActiveCfg = Release|Any CPU
		{5CC146AD-5DD3-44C7-8B2B-80C53EDC1C77}.Release|Any CPU.Build.0 = Release|Any CPU
		{5CC146AD-5DD3-44C7-8B2B-80C53EDC1C77}.Release|x64.ActiveCfg = Release|Any CPU
		{5CC146AD-5DD3-44C7-8B2B-80C53EDC1C77}.Release|x64.Build.0 = Release|Any CPU
		{5CC146AD-5DD3-44C7-8B2B-80C53EDC1C77}.Release|x86.ActiveCfg = Release|Any CPU
		{5CC146AD-5DD3-44C7-8B2B-80C53EDC1C77}.Release|x86.Build.0 = Release|Any CPU
		{AE08CBDF-009B-4315-87E6-ADA336BC80BC}.Debug|Any CPU.ActiveCfg = Debug|Any CPU
		{AE08CBDF-009B-4315-87E6-ADA336BC80BC}.Debug|Any CPU.Build.0 = Debug|Any CPU
		{AE08CBDF-009B-4315-87E6-ADA336BC80BC}.Debug|x64.ActiveCfg = Debug|Any CPU
		{AE08CBDF-009B-4315-87E6-ADA336BC80BC}.Debug|x64.Build.0 = Debug|Any CPU
		{AE08CBDF-009B-4315-87E6-ADA336BC80BC}.Debug|x86.ActiveCfg = Debug|Any CPU
		{AE08CBDF-009B-4315-87E6-ADA336BC80BC}.Debug|x86.Build.0 = Debug|Any CPU
		{AE08CBDF-009B-4315-87E6-ADA336BC80BC}.Release|Any CPU.ActiveCfg = Release|Any CPU
		{AE08CBDF-009B-4315-87E6-ADA336BC80BC}.Release|Any CPU.Build.0 = Release|Any CPU
		{AE08CBDF-009B-4315-87E6-ADA336BC80BC}.Release|x64.ActiveCfg = Release|Any CPU
		{AE08CBDF-009B-4315-87E6-ADA336BC80BC}.Release|x64.Build.0 = Release|Any CPU
		{AE08CBDF-009B-4315-87E6-ADA336BC80BC}.Release|x86.ActiveCfg = Release|Any CPU
		{AE08CBDF-009B-4315-87E6-ADA336BC80BC}.Release|x86.Build.0 = Release|Any CPU
		{5CC146AD-5DD3-44C7-8B2B-80C53EDC1C7B}.Debug|Any CPU.ActiveCfg = Debug|Any CPU
		{5CC146AD-5DD3-44C7-8B2B-80C53EDC1C7B}.Debug|Any CPU.Build.0 = Debug|Any CPU
		{5CC146AD-5DD3-44C7-8B2B-80C53EDC1C7B}.Debug|x64.ActiveCfg = Debug|Any CPU
		{5CC146AD-5DD3-44C7-8B2B-80C53EDC1C7B}.Debug|x64.Build.0 = Debug|Any CPU
		{5CC146AD-5DD3-44C7-8B2B-80C53EDC1C7B}.Debug|x86.ActiveCfg = Debug|Any CPU
		{5CC146AD-5DD3-44C7-8B2B-80C53EDC1C7B}.Debug|x86.Build.0 = Debug|Any CPU
		{5CC146AD-5DD3-44C7-8B2B-80C53EDC1C7B}.Release|Any CPU.ActiveCfg = Release|Any CPU
		{5CC146AD-5DD3-44C7-8B2B-80C53EDC1C7B}.Release|Any CPU.Build.0 = Release|Any CPU
		{5CC146AD-5DD3-44C7-8B2B-80C53EDC1C7B}.Release|x64.ActiveCfg = Release|Any CPU
		{5CC146AD-5DD3-44C7-8B2B-80C53EDC1C7B}.Release|x64.Build.0 = Release|Any CPU
		{5CC146AD-5DD3-44C7-8B2B-80C53EDC1C7B}.Release|x86.ActiveCfg = Release|Any CPU
		{5CC146AD-5DD3-44C7-8B2B-80C53EDC1C7B}.Release|x86.Build.0 = Release|Any CPU
		{5CC146AD-5DD3-44C7-8B2B-80C53EDC1C7A}.Debug|Any CPU.ActiveCfg = Debug|Any CPU
		{5CC146AD-5DD3-44C7-8B2B-80C53EDC1C7A}.Debug|Any CPU.Build.0 = Debug|Any CPU
		{5CC146AD-5DD3-44C7-8B2B-80C53EDC1C7A}.Debug|x64.ActiveCfg = Debug|Any CPU
		{5CC146AD-5DD3-44C7-8B2B-80C53EDC1C7A}.Debug|x64.Build.0 = Debug|Any CPU
		{5CC146AD-5DD3-44C7-8B2B-80C53EDC1C7A}.Debug|x86.ActiveCfg = Debug|Any CPU
		{5CC146AD-5DD3-44C7-8B2B-80C53EDC1C7A}.Debug|x86.Build.0 = Debug|Any CPU
		{5CC146AD-5DD3-44C7-8B2B-80C53EDC1C7A}.Release|Any CPU.ActiveCfg = Release|Any CPU
		{5CC146AD-5DD3-44C7-8B2B-80C53EDC1C7A}.Release|Any CPU.Build.0 = Release|Any CPU
		{5CC146AD-5DD3-44C7-8B2B-80C53EDC1C7A}.Release|x64.ActiveCfg = Release|Any CPU
		{5CC146AD-5DD3-44C7-8B2B-80C53EDC1C7A}.Release|x64.Build.0 = Release|Any CPU
		{5CC146AD-5DD3-44C7-8B2B-80C53EDC1C7A}.Release|x86.ActiveCfg = Release|Any CPU
		{5CC146AD-5DD3-44C7-8B2B-80C53EDC1C7A}.Release|x86.Build.0 = Release|Any CPU
		{5CC146AD-5DD3-44C7-8B2B-80C53EDC1C22}.Debug|Any CPU.ActiveCfg = Debug|Any CPU
		{5CC146AD-5DD3-44C7-8B2B-80C53EDC1C22}.Debug|Any CPU.Build.0 = Debug|Any CPU
		{5CC146AD-5DD3-44C7-8B2B-80C53EDC1C22}.Debug|x64.ActiveCfg = Debug|Any CPU
		{5CC146AD-5DD3-44C7-8B2B-80C53EDC1C22}.Debug|x64.Build.0 = Debug|Any CPU
		{5CC146AD-5DD3-44C7-8B2B-80C53EDC1C22}.Debug|x86.ActiveCfg = Debug|Any CPU
		{5CC146AD-5DD3-44C7-8B2B-80C53EDC1C22}.Debug|x86.Build.0 = Debug|Any CPU
		{5CC146AD-5DD3-44C7-8B2B-80C53EDC1C22}.Release|Any CPU.ActiveCfg = Release|Any CPU
		{5CC146AD-5DD3-44C7-8B2B-80C53EDC1C22}.Release|Any CPU.Build.0 = Release|Any CPU
		{5CC146AD-5DD3-44C7-8B2B-80C53EDC1C22}.Release|x64.ActiveCfg = Release|Any CPU
		{5CC146AD-5DD3-44C7-8B2B-80C53EDC1C22}.Release|x64.Build.0 = Release|Any CPU
		{5CC146AD-5DD3-44C7-8B2B-80C53EDC1C22}.Release|x86.ActiveCfg = Release|Any CPU
		{5CC146AD-5DD3-44C7-8B2B-80C53EDC1C22}.Release|x86.Build.0 = Release|Any CPU
		{AE08CBDF-009B-4315-87E6-ADA336BC8033}.Debug|Any CPU.ActiveCfg = Debug|Any CPU
		{AE08CBDF-009B-4315-87E6-ADA336BC8033}.Debug|Any CPU.Build.0 = Debug|Any CPU
		{AE08CBDF-009B-4315-87E6-ADA336BC8033}.Debug|x64.ActiveCfg = Debug|Any CPU
		{AE08CBDF-009B-4315-87E6-ADA336BC8033}.Debug|x64.Build.0 = Debug|Any CPU
		{AE08CBDF-009B-4315-87E6-ADA336BC8033}.Debug|x86.ActiveCfg = Debug|Any CPU
		{AE08CBDF-009B-4315-87E6-ADA336BC8033}.Debug|x86.Build.0 = Debug|Any CPU
		{AE08CBDF-009B-4315-87E6-ADA336BC8033}.Release|Any CPU.ActiveCfg = Release|Any CPU
		{AE08CBDF-009B-4315-87E6-ADA336BC8033}.Release|Any CPU.Build.0 = Release|Any CPU
		{AE08CBDF-009B-4315-87E6-ADA336BC8033}.Release|x64.ActiveCfg = Release|Any CPU
		{AE08CBDF-009B-4315-87E6-ADA336BC8033}.Release|x64.Build.0 = Release|Any CPU
		{AE08CBDF-009B-4315-87E6-ADA336BC8033}.Release|x86.ActiveCfg = Release|Any CPU
		{AE08CBDF-009B-4315-87E6-ADA336BC8033}.Release|x86.Build.0 = Release|Any CPU
		{5CC146AD-5DD3-44C7-8B2B-80C53EDC1C44}.Debug|Any CPU.ActiveCfg = Debug|Any CPU
		{5CC146AD-5DD3-44C7-8B2B-80C53EDC1C44}.Debug|Any CPU.Build.0 = Debug|Any CPU
		{5CC146AD-5DD3-44C7-8B2B-80C53EDC1C44}.Debug|x64.ActiveCfg = Debug|Any CPU
		{5CC146AD-5DD3-44C7-8B2B-80C53EDC1C44}.Debug|x64.Build.0 = Debug|Any CPU
		{5CC146AD-5DD3-44C7-8B2B-80C53EDC1C44}.Debug|x86.ActiveCfg = Debug|Any CPU
		{5CC146AD-5DD3-44C7-8B2B-80C53EDC1C44}.Debug|x86.Build.0 = Debug|Any CPU
		{5CC146AD-5DD3-44C7-8B2B-80C53EDC1C44}.Release|Any CPU.ActiveCfg = Release|Any CPU
		{5CC146AD-5DD3-44C7-8B2B-80C53EDC1C44}.Release|Any CPU.Build.0 = Release|Any CPU
		{5CC146AD-5DD3-44C7-8B2B-80C53EDC1C44}.Release|x64.ActiveCfg = Release|Any CPU
		{5CC146AD-5DD3-44C7-8B2B-80C53EDC1C44}.Release|x64.Build.0 = Release|Any CPU
		{5CC146AD-5DD3-44C7-8B2B-80C53EDC1C44}.Release|x86.ActiveCfg = Release|Any CPU
		{5CC146AD-5DD3-44C7-8B2B-80C53EDC1C44}.Release|x86.Build.0 = Release|Any CPU
		{5CC146AD-5DD3-44C7-8B2B-80C53EDC1C55}.Debug|Any CPU.ActiveCfg = Debug|Any CPU
		{5CC146AD-5DD3-44C7-8B2B-80C53EDC1C55}.Debug|Any CPU.Build.0 = Debug|Any CPU
		{5CC146AD-5DD3-44C7-8B2B-80C53EDC1C55}.Debug|x64.ActiveCfg = Debug|Any CPU
		{5CC146AD-5DD3-44C7-8B2B-80C53EDC1C55}.Debug|x64.Build.0 = Debug|Any CPU
		{5CC146AD-5DD3-44C7-8B2B-80C53EDC1C55}.Debug|x86.ActiveCfg = Debug|Any CPU
		{5CC146AD-5DD3-44C7-8B2B-80C53EDC1C55}.Debug|x86.Build.0 = Debug|Any CPU
		{5CC146AD-5DD3-44C7-8B2B-80C53EDC1C55}.Release|Any CPU.ActiveCfg = Release|Any CPU
		{5CC146AD-5DD3-44C7-8B2B-80C53EDC1C55}.Release|Any CPU.Build.0 = Release|Any CPU
		{5CC146AD-5DD3-44C7-8B2B-80C53EDC1C55}.Release|x64.ActiveCfg = Release|Any CPU
		{5CC146AD-5DD3-44C7-8B2B-80C53EDC1C55}.Release|x64.Build.0 = Release|Any CPU
		{5CC146AD-5DD3-44C7-8B2B-80C53EDC1C55}.Release|x86.ActiveCfg = Release|Any CPU
		{5CC146AD-5DD3-44C7-8B2B-80C53EDC1C55}.Release|x86.Build.0 = Release|Any CPU
		{5CC146AD-5DD3-44C7-8B2B-80C53EDC1C88}.Debug|Any CPU.ActiveCfg = Debug|Any CPU
		{5CC146AD-5DD3-44C7-8B2B-80C53EDC1C88}.Debug|Any CPU.Build.0 = Debug|Any CPU
		{5CC146AD-5DD3-44C7-8B2B-80C53EDC1C88}.Debug|x64.ActiveCfg = Debug|Any CPU
		{5CC146AD-5DD3-44C7-8B2B-80C53EDC1C88}.Debug|x64.Build.0 = Debug|Any CPU
		{5CC146AD-5DD3-44C7-8B2B-80C53EDC1C88}.Debug|x86.ActiveCfg = Debug|Any CPU
		{5CC146AD-5DD3-44C7-8B2B-80C53EDC1C88}.Debug|x86.Build.0 = Debug|Any CPU
		{5CC146AD-5DD3-44C7-8B2B-80C53EDC1C88}.Release|Any CPU.ActiveCfg = Release|Any CPU
		{5CC146AD-5DD3-44C7-8B2B-80C53EDC1C88}.Release|Any CPU.Build.0 = Release|Any CPU
		{5CC146AD-5DD3-44C7-8B2B-80C53EDC1C88}.Release|x64.ActiveCfg = Release|Any CPU
		{5CC146AD-5DD3-44C7-8B2B-80C53EDC1C88}.Release|x64.Build.0 = Release|Any CPU
		{5CC146AD-5DD3-44C7-8B2B-80C53EDC1C88}.Release|x86.ActiveCfg = Release|Any CPU
		{5CC146AD-5DD3-44C7-8B2B-80C53EDC1C88}.Release|x86.Build.0 = Release|Any CPU
		{AE08CBDF-009B-4315-87E6-ADA336BC8099}.Debug|Any CPU.ActiveCfg = Debug|Any CPU
		{AE08CBDF-009B-4315-87E6-ADA336BC8099}.Debug|Any CPU.Build.0 = Debug|Any CPU
		{AE08CBDF-009B-4315-87E6-ADA336BC8099}.Debug|x64.ActiveCfg = Debug|Any CPU
		{AE08CBDF-009B-4315-87E6-ADA336BC8099}.Debug|x64.Build.0 = Debug|Any CPU
		{AE08CBDF-009B-4315-87E6-ADA336BC8099}.Debug|x86.ActiveCfg = Debug|Any CPU
		{AE08CBDF-009B-4315-87E6-ADA336BC8099}.Debug|x86.Build.0 = Debug|Any CPU
		{AE08CBDF-009B-4315-87E6-ADA336BC8099}.Release|Any CPU.ActiveCfg = Release|Any CPU
		{AE08CBDF-009B-4315-87E6-ADA336BC8099}.Release|Any CPU.Build.0 = Release|Any CPU
		{AE08CBDF-009B-4315-87E6-ADA336BC8099}.Release|x64.ActiveCfg = Release|Any CPU
		{AE08CBDF-009B-4315-87E6-ADA336BC8099}.Release|x64.Build.0 = Release|Any CPU
		{AE08CBDF-009B-4315-87E6-ADA336BC8099}.Release|x86.ActiveCfg = Release|Any CPU
		{AE08CBDF-009B-4315-87E6-ADA336BC8099}.Release|x86.Build.0 = Release|Any CPU
		{5CC146AD-5DD3-44C7-8B2B-80C53EDC1111}.Debug|Any CPU.ActiveCfg = Debug|Any CPU
		{5CC146AD-5DD3-44C7-8B2B-80C53EDC1111}.Debug|Any CPU.Build.0 = Debug|Any CPU
		{5CC146AD-5DD3-44C7-8B2B-80C53EDC1111}.Debug|x64.ActiveCfg = Debug|Any CPU
		{5CC146AD-5DD3-44C7-8B2B-80C53EDC1111}.Debug|x64.Build.0 = Debug|Any CPU
		{5CC146AD-5DD3-44C7-8B2B-80C53EDC1111}.Debug|x86.ActiveCfg = Debug|Any CPU
		{5CC146AD-5DD3-44C7-8B2B-80C53EDC1111}.Debug|x86.Build.0 = Debug|Any CPU
		{5CC146AD-5DD3-44C7-8B2B-80C53EDC1111}.Release|Any CPU.ActiveCfg = Release|Any CPU
		{5CC146AD-5DD3-44C7-8B2B-80C53EDC1111}.Release|Any CPU.Build.0 = Release|Any CPU
		{5CC146AD-5DD3-44C7-8B2B-80C53EDC1111}.Release|x64.ActiveCfg = Release|Any CPU
		{5CC146AD-5DD3-44C7-8B2B-80C53EDC1111}.Release|x64.Build.0 = Release|Any CPU
		{5CC146AD-5DD3-44C7-8B2B-80C53EDC1111}.Release|x86.ActiveCfg = Release|Any CPU
		{5CC146AD-5DD3-44C7-8B2B-80C53EDC1111}.Release|x86.Build.0 = Release|Any CPU
		{5CC146AD-5DD3-44C7-8B2B-80C53EDC1CBB}.Debug|Any CPU.ActiveCfg = Debug|Any CPU
		{5CC146AD-5DD3-44C7-8B2B-80C53EDC1CBB}.Debug|Any CPU.Build.0 = Debug|Any CPU
		{5CC146AD-5DD3-44C7-8B2B-80C53EDC1CBB}.Debug|x64.ActiveCfg = Debug|Any CPU
		{5CC146AD-5DD3-44C7-8B2B-80C53EDC1CBB}.Debug|x64.Build.0 = Debug|Any CPU
		{5CC146AD-5DD3-44C7-8B2B-80C53EDC1CBB}.Debug|x86.ActiveCfg = Debug|Any CPU
		{5CC146AD-5DD3-44C7-8B2B-80C53EDC1CBB}.Debug|x86.Build.0 = Debug|Any CPU
		{5CC146AD-5DD3-44C7-8B2B-80C53EDC1CBB}.Release|Any CPU.ActiveCfg = Release|Any CPU
		{5CC146AD-5DD3-44C7-8B2B-80C53EDC1CBB}.Release|Any CPU.Build.0 = Release|Any CPU
		{5CC146AD-5DD3-44C7-8B2B-80C53EDC1CBB}.Release|x64.ActiveCfg = Release|Any CPU
		{5CC146AD-5DD3-44C7-8B2B-80C53EDC1CBB}.Release|x64.Build.0 = Release|Any CPU
		{5CC146AD-5DD3-44C7-8B2B-80C53EDC1CBB}.Release|x86.ActiveCfg = Release|Any CPU
		{5CC146AD-5DD3-44C7-8B2B-80C53EDC1CBB}.Release|x86.Build.0 = Release|Any CPU
		{AE08CBDF-009B-4315-87E6-ADA336BC80CC}.Debug|Any CPU.ActiveCfg = Debug|Any CPU
		{AE08CBDF-009B-4315-87E6-ADA336BC80CC}.Debug|Any CPU.Build.0 = Debug|Any CPU
		{AE08CBDF-009B-4315-87E6-ADA336BC80CC}.Debug|x64.ActiveCfg = Debug|Any CPU
		{AE08CBDF-009B-4315-87E6-ADA336BC80CC}.Debug|x64.Build.0 = Debug|Any CPU
		{AE08CBDF-009B-4315-87E6-ADA336BC80CC}.Debug|x86.ActiveCfg = Debug|Any CPU
		{AE08CBDF-009B-4315-87E6-ADA336BC80CC}.Debug|x86.Build.0 = Debug|Any CPU
		{AE08CBDF-009B-4315-87E6-ADA336BC80CC}.Release|Any CPU.ActiveCfg = Release|Any CPU
		{AE08CBDF-009B-4315-87E6-ADA336BC80CC}.Release|Any CPU.Build.0 = Release|Any CPU
		{AE08CBDF-009B-4315-87E6-ADA336BC80CC}.Release|x64.ActiveCfg = Release|Any CPU
		{AE08CBDF-009B-4315-87E6-ADA336BC80CC}.Release|x64.Build.0 = Release|Any CPU
		{AE08CBDF-009B-4315-87E6-ADA336BC80CC}.Release|x86.ActiveCfg = Release|Any CPU
		{AE08CBDF-009B-4315-87E6-ADA336BC80CC}.Release|x86.Build.0 = Release|Any CPU
		{5CC146AD-5DD3-44C7-8B2B-80C53EDC1CDD}.Debug|Any CPU.ActiveCfg = Debug|Any CPU
		{5CC146AD-5DD3-44C7-8B2B-80C53EDC1CDD}.Debug|Any CPU.Build.0 = Debug|Any CPU
		{5CC146AD-5DD3-44C7-8B2B-80C53EDC1CDD}.Debug|x64.ActiveCfg = Debug|Any CPU
		{5CC146AD-5DD3-44C7-8B2B-80C53EDC1CDD}.Debug|x64.Build.0 = Debug|Any CPU
		{5CC146AD-5DD3-44C7-8B2B-80C53EDC1CDD}.Debug|x86.ActiveCfg = Debug|Any CPU
		{5CC146AD-5DD3-44C7-8B2B-80C53EDC1CDD}.Debug|x86.Build.0 = Debug|Any CPU
		{5CC146AD-5DD3-44C7-8B2B-80C53EDC1CDD}.Release|Any CPU.ActiveCfg = Release|Any CPU
		{5CC146AD-5DD3-44C7-8B2B-80C53EDC1CDD}.Release|Any CPU.Build.0 = Release|Any CPU
		{5CC146AD-5DD3-44C7-8B2B-80C53EDC1CDD}.Release|x64.ActiveCfg = Release|Any CPU
		{5CC146AD-5DD3-44C7-8B2B-80C53EDC1CDD}.Release|x64.Build.0 = Release|Any CPU
		{5CC146AD-5DD3-44C7-8B2B-80C53EDC1CDD}.Release|x86.ActiveCfg = Release|Any CPU
		{5CC146AD-5DD3-44C7-8B2B-80C53EDC1CDD}.Release|x86.Build.0 = Release|Any CPU
		{5CC146AD-5DD3-44C7-8B2B-80C53EDC1EEE}.Debug|Any CPU.ActiveCfg = Debug|Any CPU
		{5CC146AD-5DD3-44C7-8B2B-80C53EDC1EEE}.Debug|Any CPU.Build.0 = Debug|Any CPU
		{5CC146AD-5DD3-44C7-8B2B-80C53EDC1EEE}.Debug|x64.ActiveCfg = Debug|Any CPU
		{5CC146AD-5DD3-44C7-8B2B-80C53EDC1EEE}.Debug|x64.Build.0 = Debug|Any CPU
		{5CC146AD-5DD3-44C7-8B2B-80C53EDC1EEE}.Debug|x86.ActiveCfg = Debug|Any CPU
		{5CC146AD-5DD3-44C7-8B2B-80C53EDC1EEE}.Debug|x86.Build.0 = Debug|Any CPU
		{5CC146AD-5DD3-44C7-8B2B-80C53EDC1EEE}.Release|Any CPU.ActiveCfg = Release|Any CPU
		{5CC146AD-5DD3-44C7-8B2B-80C53EDC1EEE}.Release|Any CPU.Build.0 = Release|Any CPU
		{5CC146AD-5DD3-44C7-8B2B-80C53EDC1EEE}.Release|x64.ActiveCfg = Release|Any CPU
		{5CC146AD-5DD3-44C7-8B2B-80C53EDC1EEE}.Release|x64.Build.0 = Release|Any CPU
		{5CC146AD-5DD3-44C7-8B2B-80C53EDC1EEE}.Release|x86.ActiveCfg = Release|Any CPU
		{5CC146AD-5DD3-44C7-8B2B-80C53EDC1EEE}.Release|x86.Build.0 = Release|Any CPU
		{44C148CA-314C-4DA0-B831-6973E3871308}.Debug|Any CPU.ActiveCfg = Debug|Any CPU
		{44C148CA-314C-4DA0-B831-6973E3871308}.Debug|Any CPU.Build.0 = Debug|Any CPU
		{44C148CA-314C-4DA0-B831-6973E3871308}.Debug|x64.ActiveCfg = Debug|Any CPU
		{44C148CA-314C-4DA0-B831-6973E3871308}.Debug|x64.Build.0 = Debug|Any CPU
		{44C148CA-314C-4DA0-B831-6973E3871308}.Debug|x86.ActiveCfg = Debug|Any CPU
		{44C148CA-314C-4DA0-B831-6973E3871308}.Debug|x86.Build.0 = Debug|Any CPU
		{44C148CA-314C-4DA0-B831-6973E3871308}.Release|Any CPU.ActiveCfg = Release|Any CPU
		{44C148CA-314C-4DA0-B831-6973E3871308}.Release|Any CPU.Build.0 = Release|Any CPU
		{44C148CA-314C-4DA0-B831-6973E3871308}.Release|x64.ActiveCfg = Release|Any CPU
		{44C148CA-314C-4DA0-B831-6973E3871308}.Release|x64.Build.0 = Release|Any CPU
		{44C148CA-314C-4DA0-B831-6973E3871308}.Release|x86.ActiveCfg = Release|Any CPU
		{44C148CA-314C-4DA0-B831-6973E3871308}.Release|x86.Build.0 = Release|Any CPU
		{5DE6DF94-CCA0-402E-A425-27AFFA12F4A4}.Debug|Any CPU.ActiveCfg = Debug|Any CPU
		{5DE6DF94-CCA0-402E-A425-27AFFA12F4A4}.Debug|Any CPU.Build.0 = Debug|Any CPU
		{5DE6DF94-CCA0-402E-A425-27AFFA12F4A4}.Debug|x64.ActiveCfg = Debug|Any CPU
		{5DE6DF94-CCA0-402E-A425-27AFFA12F4A4}.Debug|x64.Build.0 = Debug|Any CPU
		{5DE6DF94-CCA0-402E-A425-27AFFA12F4A4}.Debug|x86.ActiveCfg = Debug|Any CPU
		{5DE6DF94-CCA0-402E-A425-27AFFA12F4A4}.Debug|x86.Build.0 = Debug|Any CPU
		{5DE6DF94-CCA0-402E-A425-27AFFA12F4A4}.Release|Any CPU.ActiveCfg = Release|Any CPU
		{5DE6DF94-CCA0-402E-A425-27AFFA12F4A4}.Release|Any CPU.Build.0 = Release|Any CPU
		{5DE6DF94-CCA0-402E-A425-27AFFA12F4A4}.Release|x64.ActiveCfg = Release|Any CPU
		{5DE6DF94-CCA0-402E-A425-27AFFA12F4A4}.Release|x64.Build.0 = Release|Any CPU
		{5DE6DF94-CCA0-402E-A425-27AFFA12F4A4}.Release|x86.ActiveCfg = Release|Any CPU
		{5DE6DF94-CCA0-402E-A425-27AFFA12F4A4}.Release|x86.Build.0 = Release|Any CPU
		{624B4141-D3D1-4FF6-BF6E-BE909025E279}.Debug|Any CPU.ActiveCfg = Debug|Any CPU
		{624B4141-D3D1-4FF6-BF6E-BE909025E279}.Debug|Any CPU.Build.0 = Debug|Any CPU
		{624B4141-D3D1-4FF6-BF6E-BE909025E279}.Debug|x64.ActiveCfg = Debug|Any CPU
		{624B4141-D3D1-4FF6-BF6E-BE909025E279}.Debug|x64.Build.0 = Debug|Any CPU
		{624B4141-D3D1-4FF6-BF6E-BE909025E279}.Debug|x86.ActiveCfg = Debug|Any CPU
		{624B4141-D3D1-4FF6-BF6E-BE909025E279}.Debug|x86.Build.0 = Debug|Any CPU
		{624B4141-D3D1-4FF6-BF6E-BE909025E279}.Release|Any CPU.ActiveCfg = Release|Any CPU
		{624B4141-D3D1-4FF6-BF6E-BE909025E279}.Release|Any CPU.Build.0 = Release|Any CPU
		{624B4141-D3D1-4FF6-BF6E-BE909025E279}.Release|x64.ActiveCfg = Release|Any CPU
		{624B4141-D3D1-4FF6-BF6E-BE909025E279}.Release|x64.Build.0 = Release|Any CPU
		{624B4141-D3D1-4FF6-BF6E-BE909025E279}.Release|x86.ActiveCfg = Release|Any CPU
		{624B4141-D3D1-4FF6-BF6E-BE909025E279}.Release|x86.Build.0 = Release|Any CPU
		{EE7BFE26-1BF2-4B61-9CA6-761421CBE982}.Debug|Any CPU.ActiveCfg = Debug|Any CPU
		{EE7BFE26-1BF2-4B61-9CA6-761421CBE982}.Debug|Any CPU.Build.0 = Debug|Any CPU
		{EE7BFE26-1BF2-4B61-9CA6-761421CBE982}.Debug|x64.ActiveCfg = Debug|Any CPU
		{EE7BFE26-1BF2-4B61-9CA6-761421CBE982}.Debug|x64.Build.0 = Debug|Any CPU
		{EE7BFE26-1BF2-4B61-9CA6-761421CBE982}.Debug|x86.ActiveCfg = Debug|Any CPU
		{EE7BFE26-1BF2-4B61-9CA6-761421CBE982}.Debug|x86.Build.0 = Debug|Any CPU
		{EE7BFE26-1BF2-4B61-9CA6-761421CBE982}.Release|Any CPU.ActiveCfg = Release|Any CPU
		{EE7BFE26-1BF2-4B61-9CA6-761421CBE982}.Release|Any CPU.Build.0 = Release|Any CPU
		{EE7BFE26-1BF2-4B61-9CA6-761421CBE982}.Release|x64.ActiveCfg = Release|Any CPU
		{EE7BFE26-1BF2-4B61-9CA6-761421CBE982}.Release|x64.Build.0 = Release|Any CPU
		{EE7BFE26-1BF2-4B61-9CA6-761421CBE982}.Release|x86.ActiveCfg = Release|Any CPU
		{EE7BFE26-1BF2-4B61-9CA6-761421CBE982}.Release|x86.Build.0 = Release|Any CPU
		{818C605B-AC99-4144-BE6A-D0BAB8C56CED}.Debug|Any CPU.ActiveCfg = Debug|Any CPU
		{818C605B-AC99-4144-BE6A-D0BAB8C56CED}.Debug|Any CPU.Build.0 = Debug|Any CPU
		{818C605B-AC99-4144-BE6A-D0BAB8C56CED}.Debug|x64.ActiveCfg = Debug|Any CPU
		{818C605B-AC99-4144-BE6A-D0BAB8C56CED}.Debug|x64.Build.0 = Debug|Any CPU
		{818C605B-AC99-4144-BE6A-D0BAB8C56CED}.Debug|x86.ActiveCfg = Debug|Any CPU
		{818C605B-AC99-4144-BE6A-D0BAB8C56CED}.Debug|x86.Build.0 = Debug|Any CPU
		{818C605B-AC99-4144-BE6A-D0BAB8C56CED}.Release|Any CPU.ActiveCfg = Release|Any CPU
		{818C605B-AC99-4144-BE6A-D0BAB8C56CED}.Release|Any CPU.Build.0 = Release|Any CPU
		{818C605B-AC99-4144-BE6A-D0BAB8C56CED}.Release|x64.ActiveCfg = Release|Any CPU
		{818C605B-AC99-4144-BE6A-D0BAB8C56CED}.Release|x64.Build.0 = Release|Any CPU
		{818C605B-AC99-4144-BE6A-D0BAB8C56CED}.Release|x86.ActiveCfg = Release|Any CPU
		{818C605B-AC99-4144-BE6A-D0BAB8C56CED}.Release|x86.Build.0 = Release|Any CPU
		{BADC4435-0809-4EA5-ACA1-E4C80721FC05}.Debug|Any CPU.ActiveCfg = Debug|Any CPU
		{BADC4435-0809-4EA5-ACA1-E4C80721FC05}.Debug|Any CPU.Build.0 = Debug|Any CPU
		{BADC4435-0809-4EA5-ACA1-E4C80721FC05}.Debug|x64.ActiveCfg = Debug|Any CPU
		{BADC4435-0809-4EA5-ACA1-E4C80721FC05}.Debug|x64.Build.0 = Debug|Any CPU
		{BADC4435-0809-4EA5-ACA1-E4C80721FC05}.Debug|x86.ActiveCfg = Debug|Any CPU
		{BADC4435-0809-4EA5-ACA1-E4C80721FC05}.Debug|x86.Build.0 = Debug|Any CPU
		{BADC4435-0809-4EA5-ACA1-E4C80721FC05}.Release|Any CPU.ActiveCfg = Release|Any CPU
		{BADC4435-0809-4EA5-ACA1-E4C80721FC05}.Release|Any CPU.Build.0 = Release|Any CPU
		{BADC4435-0809-4EA5-ACA1-E4C80721FC05}.Release|x64.ActiveCfg = Release|Any CPU
		{BADC4435-0809-4EA5-ACA1-E4C80721FC05}.Release|x64.Build.0 = Release|Any CPU
		{BADC4435-0809-4EA5-ACA1-E4C80721FC05}.Release|x86.ActiveCfg = Release|Any CPU
		{BADC4435-0809-4EA5-ACA1-E4C80721FC05}.Release|x86.Build.0 = Release|Any CPU
		{91F92A5A-76BF-4515-9172-33096B95B503}.Debug|Any CPU.ActiveCfg = Debug|Any CPU
		{91F92A5A-76BF-4515-9172-33096B95B503}.Debug|Any CPU.Build.0 = Debug|Any CPU
		{91F92A5A-76BF-4515-9172-33096B95B503}.Debug|x64.ActiveCfg = Debug|Any CPU
		{91F92A5A-76BF-4515-9172-33096B95B503}.Debug|x64.Build.0 = Debug|Any CPU
		{91F92A5A-76BF-4515-9172-33096B95B503}.Debug|x86.ActiveCfg = Debug|Any CPU
		{91F92A5A-76BF-4515-9172-33096B95B503}.Debug|x86.Build.0 = Debug|Any CPU
		{91F92A5A-76BF-4515-9172-33096B95B503}.Release|Any CPU.ActiveCfg = Release|Any CPU
		{91F92A5A-76BF-4515-9172-33096B95B503}.Release|Any CPU.Build.0 = Release|Any CPU
		{91F92A5A-76BF-4515-9172-33096B95B503}.Release|x64.ActiveCfg = Release|Any CPU
		{91F92A5A-76BF-4515-9172-33096B95B503}.Release|x64.Build.0 = Release|Any CPU
		{91F92A5A-76BF-4515-9172-33096B95B503}.Release|x86.ActiveCfg = Release|Any CPU
		{91F92A5A-76BF-4515-9172-33096B95B503}.Release|x86.Build.0 = Release|Any CPU
		{F73A3E6C-5D0C-4E50-ACF3-CC10ABCA5242}.Debug|Any CPU.ActiveCfg = Debug|Any CPU
		{F73A3E6C-5D0C-4E50-ACF3-CC10ABCA5242}.Debug|Any CPU.Build.0 = Debug|Any CPU
		{F73A3E6C-5D0C-4E50-ACF3-CC10ABCA5242}.Debug|x64.ActiveCfg = Debug|Any CPU
		{F73A3E6C-5D0C-4E50-ACF3-CC10ABCA5242}.Debug|x64.Build.0 = Debug|Any CPU
		{F73A3E6C-5D0C-4E50-ACF3-CC10ABCA5242}.Debug|x86.ActiveCfg = Debug|Any CPU
		{F73A3E6C-5D0C-4E50-ACF3-CC10ABCA5242}.Debug|x86.Build.0 = Debug|Any CPU
		{F73A3E6C-5D0C-4E50-ACF3-CC10ABCA5242}.Release|Any CPU.ActiveCfg = Release|Any CPU
		{F73A3E6C-5D0C-4E50-ACF3-CC10ABCA5242}.Release|Any CPU.Build.0 = Release|Any CPU
		{F73A3E6C-5D0C-4E50-ACF3-CC10ABCA5242}.Release|x64.ActiveCfg = Release|Any CPU
		{F73A3E6C-5D0C-4E50-ACF3-CC10ABCA5242}.Release|x64.Build.0 = Release|Any CPU
		{F73A3E6C-5D0C-4E50-ACF3-CC10ABCA5242}.Release|x86.ActiveCfg = Release|Any CPU
		{F73A3E6C-5D0C-4E50-ACF3-CC10ABCA5242}.Release|x86.Build.0 = Release|Any CPU
		{AFAC3113-F7BB-41BE-BFBE-5F06D9B24444}.Debug|Any CPU.ActiveCfg = Debug|Any CPU
		{AFAC3113-F7BB-41BE-BFBE-5F06D9B24444}.Debug|Any CPU.Build.0 = Debug|Any CPU
		{AFAC3113-F7BB-41BE-BFBE-5F06D9B24444}.Debug|x64.ActiveCfg = Debug|Any CPU
		{AFAC3113-F7BB-41BE-BFBE-5F06D9B24444}.Debug|x64.Build.0 = Debug|Any CPU
		{AFAC3113-F7BB-41BE-BFBE-5F06D9B24444}.Debug|x86.ActiveCfg = Debug|Any CPU
		{AFAC3113-F7BB-41BE-BFBE-5F06D9B24444}.Debug|x86.Build.0 = Debug|Any CPU
		{AFAC3113-F7BB-41BE-BFBE-5F06D9B24444}.Release|Any CPU.ActiveCfg = Release|Any CPU
		{AFAC3113-F7BB-41BE-BFBE-5F06D9B24444}.Release|Any CPU.Build.0 = Release|Any CPU
		{AFAC3113-F7BB-41BE-BFBE-5F06D9B24444}.Release|x64.ActiveCfg = Release|Any CPU
		{AFAC3113-F7BB-41BE-BFBE-5F06D9B24444}.Release|x64.Build.0 = Release|Any CPU
		{AFAC3113-F7BB-41BE-BFBE-5F06D9B24444}.Release|x86.ActiveCfg = Release|Any CPU
		{AFAC3113-F7BB-41BE-BFBE-5F06D9B24444}.Release|x86.Build.0 = Release|Any CPU
		{A34AD4ED-A1B5-429F-AF38-F398BCCE8438}.Debug|Any CPU.ActiveCfg = Debug|Any CPU
		{A34AD4ED-A1B5-429F-AF38-F398BCCE8438}.Debug|Any CPU.Build.0 = Debug|Any CPU
		{A34AD4ED-A1B5-429F-AF38-F398BCCE8438}.Debug|x64.ActiveCfg = Debug|Any CPU
		{A34AD4ED-A1B5-429F-AF38-F398BCCE8438}.Debug|x64.Build.0 = Debug|Any CPU
		{A34AD4ED-A1B5-429F-AF38-F398BCCE8438}.Debug|x86.ActiveCfg = Debug|Any CPU
		{A34AD4ED-A1B5-429F-AF38-F398BCCE8438}.Debug|x86.Build.0 = Debug|Any CPU
		{A34AD4ED-A1B5-429F-AF38-F398BCCE8438}.Release|Any CPU.ActiveCfg = Release|Any CPU
		{A34AD4ED-A1B5-429F-AF38-F398BCCE8438}.Release|Any CPU.Build.0 = Release|Any CPU
		{A34AD4ED-A1B5-429F-AF38-F398BCCE8438}.Release|x64.ActiveCfg = Release|Any CPU
		{A34AD4ED-A1B5-429F-AF38-F398BCCE8438}.Release|x64.Build.0 = Release|Any CPU
		{A34AD4ED-A1B5-429F-AF38-F398BCCE8438}.Release|x86.ActiveCfg = Release|Any CPU
		{A34AD4ED-A1B5-429F-AF38-F398BCCE8438}.Release|x86.Build.0 = Release|Any CPU
		{3B1C5926-742D-474C-96B4-BCEDAB5FD520}.Debug|Any CPU.ActiveCfg = Debug|Any CPU
		{3B1C5926-742D-474C-96B4-BCEDAB5FD520}.Debug|Any CPU.Build.0 = Debug|Any CPU
		{3B1C5926-742D-474C-96B4-BCEDAB5FD520}.Debug|x64.ActiveCfg = Debug|Any CPU
		{3B1C5926-742D-474C-96B4-BCEDAB5FD520}.Debug|x64.Build.0 = Debug|Any CPU
		{3B1C5926-742D-474C-96B4-BCEDAB5FD520}.Debug|x86.ActiveCfg = Debug|Any CPU
		{3B1C5926-742D-474C-96B4-BCEDAB5FD520}.Debug|x86.Build.0 = Debug|Any CPU
		{3B1C5926-742D-474C-96B4-BCEDAB5FD520}.Release|Any CPU.ActiveCfg = Release|Any CPU
		{3B1C5926-742D-474C-96B4-BCEDAB5FD520}.Release|Any CPU.Build.0 = Release|Any CPU
		{3B1C5926-742D-474C-96B4-BCEDAB5FD520}.Release|x64.ActiveCfg = Release|Any CPU
		{3B1C5926-742D-474C-96B4-BCEDAB5FD520}.Release|x64.Build.0 = Release|Any CPU
		{3B1C5926-742D-474C-96B4-BCEDAB5FD520}.Release|x86.ActiveCfg = Release|Any CPU
		{3B1C5926-742D-474C-96B4-BCEDAB5FD520}.Release|x86.Build.0 = Release|Any CPU
		{42907CDE-6001-4ECC-A82F-C432034F7ACA}.Debug|Any CPU.ActiveCfg = Debug|Any CPU
		{42907CDE-6001-4ECC-A82F-C432034F7ACA}.Debug|Any CPU.Build.0 = Debug|Any CPU
		{42907CDE-6001-4ECC-A82F-C432034F7ACA}.Debug|x64.ActiveCfg = Debug|Any CPU
		{42907CDE-6001-4ECC-A82F-C432034F7ACA}.Debug|x64.Build.0 = Debug|Any CPU
		{42907CDE-6001-4ECC-A82F-C432034F7ACA}.Debug|x86.ActiveCfg = Debug|Any CPU
		{42907CDE-6001-4ECC-A82F-C432034F7ACA}.Debug|x86.Build.0 = Debug|Any CPU
		{42907CDE-6001-4ECC-A82F-C432034F7ACA}.Release|Any CPU.ActiveCfg = Release|Any CPU
		{42907CDE-6001-4ECC-A82F-C432034F7ACA}.Release|Any CPU.Build.0 = Release|Any CPU
		{42907CDE-6001-4ECC-A82F-C432034F7ACA}.Release|x64.ActiveCfg = Release|Any CPU
		{42907CDE-6001-4ECC-A82F-C432034F7ACA}.Release|x64.Build.0 = Release|Any CPU
		{42907CDE-6001-4ECC-A82F-C432034F7ACA}.Release|x86.ActiveCfg = Release|Any CPU
		{42907CDE-6001-4ECC-A82F-C432034F7ACA}.Release|x86.Build.0 = Release|Any CPU
		{3B1C5926-742D-474C-96B4-BCEDAB5FD521}.Debug|Any CPU.ActiveCfg = Debug|Any CPU
		{3B1C5926-742D-474C-96B4-BCEDAB5FD521}.Debug|Any CPU.Build.0 = Debug|Any CPU
		{3B1C5926-742D-474C-96B4-BCEDAB5FD521}.Debug|x64.ActiveCfg = Debug|Any CPU
		{3B1C5926-742D-474C-96B4-BCEDAB5FD521}.Debug|x64.Build.0 = Debug|Any CPU
		{3B1C5926-742D-474C-96B4-BCEDAB5FD521}.Debug|x86.ActiveCfg = Debug|Any CPU
		{3B1C5926-742D-474C-96B4-BCEDAB5FD521}.Debug|x86.Build.0 = Debug|Any CPU
		{3B1C5926-742D-474C-96B4-BCEDAB5FD521}.Release|Any CPU.ActiveCfg = Release|Any CPU
		{3B1C5926-742D-474C-96B4-BCEDAB5FD521}.Release|Any CPU.Build.0 = Release|Any CPU
		{3B1C5926-742D-474C-96B4-BCEDAB5FD521}.Release|x64.ActiveCfg = Release|Any CPU
		{3B1C5926-742D-474C-96B4-BCEDAB5FD521}.Release|x64.Build.0 = Release|Any CPU
		{3B1C5926-742D-474C-96B4-BCEDAB5FD521}.Release|x86.ActiveCfg = Release|Any CPU
		{3B1C5926-742D-474C-96B4-BCEDAB5FD521}.Release|x86.Build.0 = Release|Any CPU
		{42907CDE-6001-4ECC-A82F-C432034F7ACB}.Debug|Any CPU.ActiveCfg = Debug|Any CPU
		{42907CDE-6001-4ECC-A82F-C432034F7ACB}.Debug|Any CPU.Build.0 = Debug|Any CPU
		{42907CDE-6001-4ECC-A82F-C432034F7ACB}.Debug|x64.ActiveCfg = Debug|Any CPU
		{42907CDE-6001-4ECC-A82F-C432034F7ACB}.Debug|x64.Build.0 = Debug|Any CPU
		{42907CDE-6001-4ECC-A82F-C432034F7ACB}.Debug|x86.ActiveCfg = Debug|Any CPU
		{42907CDE-6001-4ECC-A82F-C432034F7ACB}.Debug|x86.Build.0 = Debug|Any CPU
		{42907CDE-6001-4ECC-A82F-C432034F7ACB}.Release|Any CPU.ActiveCfg = Release|Any CPU
		{42907CDE-6001-4ECC-A82F-C432034F7ACB}.Release|Any CPU.Build.0 = Release|Any CPU
		{42907CDE-6001-4ECC-A82F-C432034F7ACB}.Release|x64.ActiveCfg = Release|Any CPU
		{42907CDE-6001-4ECC-A82F-C432034F7ACB}.Release|x64.Build.0 = Release|Any CPU
		{42907CDE-6001-4ECC-A82F-C432034F7ACB}.Release|x86.ActiveCfg = Release|Any CPU
		{42907CDE-6001-4ECC-A82F-C432034F7ACB}.Release|x86.Build.0 = Release|Any CPU
		{3F3BB118-C7CE-4F13-AC21-8B6492CDBD21}.Debug|Any CPU.ActiveCfg = Debug|Any CPU
		{3F3BB118-C7CE-4F13-AC21-8B6492CDBD21}.Debug|Any CPU.Build.0 = Debug|Any CPU
		{3F3BB118-C7CE-4F13-AC21-8B6492CDBD21}.Debug|x64.ActiveCfg = Debug|Any CPU
		{3F3BB118-C7CE-4F13-AC21-8B6492CDBD21}.Debug|x64.Build.0 = Debug|Any CPU
		{3F3BB118-C7CE-4F13-AC21-8B6492CDBD21}.Debug|x86.ActiveCfg = Debug|Any CPU
		{3F3BB118-C7CE-4F13-AC21-8B6492CDBD21}.Debug|x86.Build.0 = Debug|Any CPU
		{3F3BB118-C7CE-4F13-AC21-8B6492CDBD21}.Release|Any CPU.ActiveCfg = Release|Any CPU
		{3F3BB118-C7CE-4F13-AC21-8B6492CDBD21}.Release|Any CPU.Build.0 = Release|Any CPU
		{3F3BB118-C7CE-4F13-AC21-8B6492CDBD21}.Release|x64.ActiveCfg = Release|Any CPU
		{3F3BB118-C7CE-4F13-AC21-8B6492CDBD21}.Release|x64.Build.0 = Release|Any CPU
		{3F3BB118-C7CE-4F13-AC21-8B6492CDBD21}.Release|x86.ActiveCfg = Release|Any CPU
		{3F3BB118-C7CE-4F13-AC21-8B6492CDBD21}.Release|x86.Build.0 = Release|Any CPU
		{26E1D1CE-1305-41C2-9873-BDB326949F27}.Debug|Any CPU.ActiveCfg = Debug|Any CPU
		{26E1D1CE-1305-41C2-9873-BDB326949F27}.Debug|Any CPU.Build.0 = Debug|Any CPU
		{26E1D1CE-1305-41C2-9873-BDB326949F27}.Debug|x64.ActiveCfg = Debug|Any CPU
		{26E1D1CE-1305-41C2-9873-BDB326949F27}.Debug|x64.Build.0 = Debug|Any CPU
		{26E1D1CE-1305-41C2-9873-BDB326949F27}.Debug|x86.ActiveCfg = Debug|Any CPU
		{26E1D1CE-1305-41C2-9873-BDB326949F27}.Debug|x86.Build.0 = Debug|Any CPU
		{26E1D1CE-1305-41C2-9873-BDB326949F27}.Release|Any CPU.ActiveCfg = Release|Any CPU
		{26E1D1CE-1305-41C2-9873-BDB326949F27}.Release|Any CPU.Build.0 = Release|Any CPU
		{26E1D1CE-1305-41C2-9873-BDB326949F27}.Release|x64.ActiveCfg = Release|Any CPU
		{26E1D1CE-1305-41C2-9873-BDB326949F27}.Release|x64.Build.0 = Release|Any CPU
		{26E1D1CE-1305-41C2-9873-BDB326949F27}.Release|x86.ActiveCfg = Release|Any CPU
		{26E1D1CE-1305-41C2-9873-BDB326949F27}.Release|x86.Build.0 = Release|Any CPU
		{D122B7E7-21BC-4DC1-A42E-91D63916A070}.Debug|Any CPU.ActiveCfg = Debug|Any CPU
		{D122B7E7-21BC-4DC1-A42E-91D63916A070}.Debug|Any CPU.Build.0 = Debug|Any CPU
		{D122B7E7-21BC-4DC1-A42E-91D63916A070}.Debug|x64.ActiveCfg = Debug|Any CPU
		{D122B7E7-21BC-4DC1-A42E-91D63916A070}.Debug|x64.Build.0 = Debug|Any CPU
		{D122B7E7-21BC-4DC1-A42E-91D63916A070}.Debug|x86.ActiveCfg = Debug|Any CPU
		{D122B7E7-21BC-4DC1-A42E-91D63916A070}.Debug|x86.Build.0 = Debug|Any CPU
		{D122B7E7-21BC-4DC1-A42E-91D63916A070}.Release|Any CPU.ActiveCfg = Release|Any CPU
		{D122B7E7-21BC-4DC1-A42E-91D63916A070}.Release|Any CPU.Build.0 = Release|Any CPU
		{D122B7E7-21BC-4DC1-A42E-91D63916A070}.Release|x64.ActiveCfg = Release|Any CPU
		{D122B7E7-21BC-4DC1-A42E-91D63916A070}.Release|x64.Build.0 = Release|Any CPU
		{D122B7E7-21BC-4DC1-A42E-91D63916A070}.Release|x86.ActiveCfg = Release|Any CPU
		{D122B7E7-21BC-4DC1-A42E-91D63916A070}.Release|x86.Build.0 = Release|Any CPU
	EndGlobalSection
	GlobalSection(SolutionProperties) = preSolution
		HideSolutionNode = FALSE
	EndGlobalSection
	GlobalSection(NestedProjects) = preSolution
		{5CC146AD-5DD3-44C7-8B2B-80C53EDC1C22} = {0D2A59AD-E37E-4E01-B1AE-70FABC8FB955}
		{AE08CBDF-009B-4315-87E6-ADA336BC8033} = {0D2A59AD-E37E-4E01-B1AE-70FABC8FB955}
		{5CC146AD-5DD3-44C7-8B2B-80C53EDC1C44} = {0D2A59AD-E37E-4E01-B1AE-70FABC8FB955}
		{5CC146AD-5DD3-44C7-8B2B-80C53EDC1C55} = {0D2A59AD-E37E-4E01-B1AE-70FABC8FB955}
		{5CC146AD-5DD3-44C7-8B2B-80C53EDC1C88} = {52A45056-1A1C-4EBE-BB7D-BCF6DF5A2C4D}
		{AE08CBDF-009B-4315-87E6-ADA336BC8099} = {52A45056-1A1C-4EBE-BB7D-BCF6DF5A2C4D}
		{5CC146AD-5DD3-44C7-8B2B-80C53EDC1111} = {52A45056-1A1C-4EBE-BB7D-BCF6DF5A2C4D}
		{5CC146AD-5DD3-44C7-8B2B-80C53EDC1CBB} = {33EEBF2C-D32F-4DA5-9EA2-4BD7F19A3E3A}
		{AE08CBDF-009B-4315-87E6-ADA336BC80CC} = {33EEBF2C-D32F-4DA5-9EA2-4BD7F19A3E3A}
		{5CC146AD-5DD3-44C7-8B2B-80C53EDC1CDD} = {33EEBF2C-D32F-4DA5-9EA2-4BD7F19A3E3A}
		{5CC146AD-5DD3-44C7-8B2B-80C53EDC1EEE} = {33EEBF2C-D32F-4DA5-9EA2-4BD7F19A3E3A}
		{44C148CA-314C-4DA0-B831-6973E3871308} = {0D2A59AD-E37E-4E01-B1AE-70FABC8FB955}
		{5DE6DF94-CCA0-402E-A425-27AFFA12F4A4} = {33EEBF2C-D32F-4DA5-9EA2-4BD7F19A3E3A}
		{EE7BFE26-1BF2-4B61-9CA6-761421CBE982} = {52A45056-1A1C-4EBE-BB7D-BCF6DF5A2C4D}
		{818C605B-AC99-4144-BE6A-D0BAB8C56CED} = {4D495EAF-0CC5-4868-B375-A9431D636167}
		{BADC4435-0809-4EA5-ACA1-E4C80721FC05} = {0D2A59AD-E37E-4E01-B1AE-70FABC8FB955}
		{F73A3E6C-5D0C-4E50-ACF3-CC10ABCA5242} = {0D2A59AD-E37E-4E01-B1AE-70FABC8FB955}
		{AFAC3113-F7BB-41BE-BFBE-5F06D9B24444} = {52A45056-1A1C-4EBE-BB7D-BCF6DF5A2C4D}
		{A34AD4ED-A1B5-429F-AF38-F398BCCE8438} = {33EEBF2C-D32F-4DA5-9EA2-4BD7F19A3E3A}
		{3B1C5926-742D-474C-96B4-BCEDAB5FD520} = {4D495EAF-0CC5-4868-B375-A9431D636167}
		{42907CDE-6001-4ECC-A82F-C432034F7ACA} = {4D495EAF-0CC5-4868-B375-A9431D636167}
		{3B1C5926-742D-474C-96B4-BCEDAB5FD521} = {4D495EAF-0CC5-4868-B375-A9431D636167}
		{42907CDE-6001-4ECC-A82F-C432034F7ACB} = {4D495EAF-0CC5-4868-B375-A9431D636167}
		{26E1D1CE-1305-41C2-9873-BDB326949F27} = {0D2A59AD-E37E-4E01-B1AE-70FABC8FB955}
		{D122B7E7-21BC-4DC1-A42E-91D63916A070} = {33EEBF2C-D32F-4DA5-9EA2-4BD7F19A3E3A}
	EndGlobalSection
	GlobalSection(ExtensibilityGlobals) = postSolution
		SolutionGuid = {1878F187-6358-4691-BA5A-D8180AE89D6D}
	EndGlobalSection
EndGlobal
