
Microsoft Visual Studio Solution File, Format Version 12.00
# Visual Studio Version 16
VisualStudioVersion = 16.0.29202.138
MinimumVisualStudioVersion = 15.0.26124.0
Project("{9A19103F-16F7-4668-BE54-9A1E7A4F7556}") = "FrontEndWebApi", "..\FrontEndWebApi\Src\FrontEndWebApi\FrontEndWebApi.csproj", "{78AEFC28-6A92-494C-9211-1D2185E98F8E}"
EndProject
Project("{9A19103F-16F7-4668-BE54-9A1E7A4F7556}") = "EnvironmentManager", "..\EnvironmentManager\Src\EnvironmentManager\EnvironmentManager.csproj", "{461AEF88-EE91-449D-B698-20FA41AB8542}"
EndProject
Project("{9A19103F-16F7-4668-BE54-9A1E7A4F7556}") = "EnvironmentManager.Contracts", "..\EnvironmentManager\Src\EnvironmentManager.Contracts\EnvironmentManager.Contracts.csproj", "{1FA967B5-E7A4-4BE8-AD15-6D97B9CE4861}"
EndProject
Project("{9A19103F-16F7-4668-BE54-9A1E7A4F7556}") = "EnvironmentManager.Test", "..\EnvironmentManager\Test\EnvironmentManager.Test\EnvironmentManager.Test.csproj", "{659A6E7F-3C97-4608-BC1D-3E4D523ED924}"
EndProject
Project("{2150E333-8FDC-42A3-9474-1A3956D46DE8}") = "FrontEndWebApi", "FrontEndWebApi", "{952D6189-5819-4F10-A771-C598E0CEAA3A}"
EndProject
Project("{2150E333-8FDC-42A3-9474-1A3956D46DE8}") = "EnvironmentManager", "EnvironmentManager", "{E35F287F-6E8E-45B3-923B-7E7469C4E129}"
EndProject
Project("{2150E333-8FDC-42A3-9474-1A3956D46DE8}") = "Common", "Common", "{374EFC31-C8DA-4CAB-9AA5-C6CE61AE5E74}"
EndProject
Project("{9A19103F-16F7-4668-BE54-9A1E7A4F7556}") = "FrontEnd.Common", "..\Common\Src\FrontEnd.Common\FrontEnd.Common.csproj", "{688B664C-B133-4E55-9DCD-FE278788CF5B}"
EndProject
Project("{9A19103F-16F7-4668-BE54-9A1E7A4F7556}") = "UserProfile", "..\UserProfile\Src\UserProfile\UserProfile.csproj", "{7C2168FE-F3B4-4A81-B3B9-CA6AF5A7987E}"
EndProject
Project("{2150E333-8FDC-42A3-9474-1A3956D46DE8}") = "UserProfile", "UserProfile", "{5761F4BE-9A5D-42BD-B258-6A11F32D903B}"
EndProject
Project("{9A19103F-16F7-4668-BE54-9A1E7A4F7556}") = "UserProfile.Contracts", "..\UserProfile\Src\UserProfile.Contracts\UserProfile.Contracts.csproj", "{3658F293-97CE-4E53-8E7F-C13B0CF4023D}"
EndProject
Project("{9A19103F-16F7-4668-BE54-9A1E7A4F7556}") = "EnvironmentManager.Repositories", "..\EnvironmentManager\Src\EnvironmentManager.Repositories\EnvironmentManager.Repositories.csproj", "{1CF89538-8867-49EC-9BF0-8ED495EC89C0}"
EndProject
Project("{9A19103F-16F7-4668-BE54-9A1E7A4F7556}") = "LiveShareWorkspace", "..\LiveShareWorkspace\Src\LiveShareWorkspace\LiveShareWorkspace.csproj", "{876E7E7A-1B38-4C82-A880-189F463A1149}"
EndProject
Project("{9A19103F-16F7-4668-BE54-9A1E7A4F7556}") = "LiveShareWorkspace.Contracts", "..\LiveShareWorkspace\Src\LiveShareWorkspace.Contracts\LiveShareWorkspace.Contracts.csproj", "{3BA599E8-3C3E-4560-99A2-1C21E7FE8B0C}"
EndProject
Project("{2150E333-8FDC-42A3-9474-1A3956D46DE8}") = "LiveShareWorkspace", "LiveShareWorkspace", "{EC447204-36E6-4BA7-BE93-EE37AED5E3A1}"
EndProject
Project("{9A19103F-16F7-4668-BE54-9A1E7A4F7556}") = "BackEndWebApiClient", "..\BackEndWebApiClient\Src\BackEndWebApiClient\BackEndWebApiClient.csproj", "{9846102D-08E9-4A92-B531-D5CEE6BC6048}"
EndProject
Project("{9A19103F-16F7-4668-BE54-9A1E7A4F7556}") = "BackEndWebApiClient.Contracts", "..\BackEndWebApiClient\Src\BackEndWebApiClient.Contracts\BackEndWebApiClient.Contracts.csproj", "{19827CDE-02EB-4D84-8B75-A6AAFCEBC167}"
EndProject
Project("{2150E333-8FDC-42A3-9474-1A3956D46DE8}") = "BackEndWebApiClient", "BackEndWebApiClient", "{7FA8D5DE-EA17-4E01-A7E8-55606DB85F82}"
EndProject
Project("{9A19103F-16F7-4668-BE54-9A1E7A4F7556}") = "HttpContracts", "..\..\Common\Src\HttpContracts\HttpContracts.csproj", "{684B10F4-082A-4389-AD87-1D2821BE4456}"
EndProject
Project("{9A19103F-16F7-4668-BE54-9A1E7A4F7556}") = "Accounts", "..\Accounts\Src\Accounts\Accounts.csproj", "{C294A222-227C-4580-A6F6-3513AFC0E2B8}"
EndProject
Project("{9A19103F-16F7-4668-BE54-9A1E7A4F7556}") = "Accounts.Contracts", "..\Accounts\Src\Accounts.Contracts\Accounts.Contracts.csproj", "{44E354E1-EB65-4333-8B69-BC31C8A58664}"
EndProject
Project("{9A19103F-16F7-4668-BE54-9A1E7A4F7556}") = "Accounts.Test", "..\Accounts\Test\Accounts.Test\Accounts.Test.csproj", "{63FDDFFB-A72C-4884-A08E-F4B434C03D3C}"
EndProject
Project("{9A19103F-16F7-4668-BE54-9A1E7A4F7556}") = "Billing", "..\Billing\Src\Billing\Billing.csproj", "{09B6ED08-C1F3-458D-AB61-4754A464BBC1}"
EndProject
Project("{9A19103F-16F7-4668-BE54-9A1E7A4F7556}") = "Billing.Contracts", "..\Billing\Src\Billing.Contracts\Billing.Contracts.csproj", "{46E1261B-9C62-4483-93BD-0262D9372354}"
EndProject
Project("{9A19103F-16F7-4668-BE54-9A1E7A4F7556}") = "Billing.Test", "..\Billing\Test\Billing.Test\Billing.Test.csproj", "{65C2BFAA-3667-4CE0-AD1D-DC2C8E856FC0}"
EndProject
Project("{2150E333-8FDC-42A3-9474-1A3956D46DE8}") = "Accounts", "Accounts", "{20EB4653-E903-4E8D-8727-D3CEF962E782}"
EndProject
Project("{2150E333-8FDC-42A3-9474-1A3956D46DE8}") = "Billing", "Billing", "{1792D873-3AD4-4599-B658-C19B7B8243F6}"
EndProject
Project("{9A19103F-16F7-4668-BE54-9A1E7A4F7556}") = "Common", "..\..\Common\Src\Common\Common.csproj", "{C5CC91C3-2EBD-4F8E-A957-5CF162B4C9BA}"
EndProject
Project("{2150E333-8FDC-42A3-9474-1A3956D46DE8}") = "LiveShareAuthentication", "LiveShareAuthentication", "{F991780B-48E0-4DDA-A1EB-7B9F15A8B4B1}"
EndProject
Project("{9A19103F-16F7-4668-BE54-9A1E7A4F7556}") = "LiveshareAuthentication", "..\LiveShareAuthentication\Src\LiveshareAuthentication\LiveshareAuthentication.csproj", "{6778C974-03E8-4A51-B5D5-A9230E0607D1}"
EndProject
Project("{9A19103F-16F7-4668-BE54-9A1E7A4F7556}") = "LiveShareAuthentication.Contracts", "..\LiveShareAuthentication\Src\LiveShareAuthentication.Contracts\LiveShareAuthentication.Contracts.csproj", "{57F6F9B8-2DF4-4E57-85AA-768C811D1DAE}"
EndProject
Global
	GlobalSection(SolutionConfigurationPlatforms) = preSolution
		Debug|Any CPU = Debug|Any CPU
		Debug|x64 = Debug|x64
		Debug|x86 = Debug|x86
		Release|Any CPU = Release|Any CPU
		Release|x64 = Release|x64
		Release|x86 = Release|x86
	EndGlobalSection
	GlobalSection(ProjectConfigurationPlatforms) = postSolution
		{78AEFC28-6A92-494C-9211-1D2185E98F8E}.Debug|Any CPU.ActiveCfg = Debug|Any CPU
		{78AEFC28-6A92-494C-9211-1D2185E98F8E}.Debug|Any CPU.Build.0 = Debug|Any CPU
		{78AEFC28-6A92-494C-9211-1D2185E98F8E}.Debug|x64.ActiveCfg = Debug|Any CPU
		{78AEFC28-6A92-494C-9211-1D2185E98F8E}.Debug|x64.Build.0 = Debug|Any CPU
		{78AEFC28-6A92-494C-9211-1D2185E98F8E}.Debug|x86.ActiveCfg = Debug|Any CPU
		{78AEFC28-6A92-494C-9211-1D2185E98F8E}.Debug|x86.Build.0 = Debug|Any CPU
		{78AEFC28-6A92-494C-9211-1D2185E98F8E}.Release|Any CPU.ActiveCfg = Release|Any CPU
		{78AEFC28-6A92-494C-9211-1D2185E98F8E}.Release|Any CPU.Build.0 = Release|Any CPU
		{78AEFC28-6A92-494C-9211-1D2185E98F8E}.Release|x64.ActiveCfg = Release|Any CPU
		{78AEFC28-6A92-494C-9211-1D2185E98F8E}.Release|x64.Build.0 = Release|Any CPU
		{78AEFC28-6A92-494C-9211-1D2185E98F8E}.Release|x86.ActiveCfg = Release|Any CPU
		{78AEFC28-6A92-494C-9211-1D2185E98F8E}.Release|x86.Build.0 = Release|Any CPU
		{461AEF88-EE91-449D-B698-20FA41AB8542}.Debug|Any CPU.ActiveCfg = Debug|Any CPU
		{461AEF88-EE91-449D-B698-20FA41AB8542}.Debug|Any CPU.Build.0 = Debug|Any CPU
		{461AEF88-EE91-449D-B698-20FA41AB8542}.Debug|x64.ActiveCfg = Debug|Any CPU
		{461AEF88-EE91-449D-B698-20FA41AB8542}.Debug|x64.Build.0 = Debug|Any CPU
		{461AEF88-EE91-449D-B698-20FA41AB8542}.Debug|x86.ActiveCfg = Debug|Any CPU
		{461AEF88-EE91-449D-B698-20FA41AB8542}.Debug|x86.Build.0 = Debug|Any CPU
		{461AEF88-EE91-449D-B698-20FA41AB8542}.Release|Any CPU.ActiveCfg = Release|Any CPU
		{461AEF88-EE91-449D-B698-20FA41AB8542}.Release|Any CPU.Build.0 = Release|Any CPU
		{461AEF88-EE91-449D-B698-20FA41AB8542}.Release|x64.ActiveCfg = Release|Any CPU
		{461AEF88-EE91-449D-B698-20FA41AB8542}.Release|x64.Build.0 = Release|Any CPU
		{461AEF88-EE91-449D-B698-20FA41AB8542}.Release|x86.ActiveCfg = Release|Any CPU
		{461AEF88-EE91-449D-B698-20FA41AB8542}.Release|x86.Build.0 = Release|Any CPU
		{1FA967B5-E7A4-4BE8-AD15-6D97B9CE4861}.Debug|Any CPU.ActiveCfg = Debug|Any CPU
		{1FA967B5-E7A4-4BE8-AD15-6D97B9CE4861}.Debug|Any CPU.Build.0 = Debug|Any CPU
		{1FA967B5-E7A4-4BE8-AD15-6D97B9CE4861}.Debug|x64.ActiveCfg = Debug|Any CPU
		{1FA967B5-E7A4-4BE8-AD15-6D97B9CE4861}.Debug|x64.Build.0 = Debug|Any CPU
		{1FA967B5-E7A4-4BE8-AD15-6D97B9CE4861}.Debug|x86.ActiveCfg = Debug|Any CPU
		{1FA967B5-E7A4-4BE8-AD15-6D97B9CE4861}.Debug|x86.Build.0 = Debug|Any CPU
		{1FA967B5-E7A4-4BE8-AD15-6D97B9CE4861}.Release|Any CPU.ActiveCfg = Release|Any CPU
		{1FA967B5-E7A4-4BE8-AD15-6D97B9CE4861}.Release|Any CPU.Build.0 = Release|Any CPU
		{1FA967B5-E7A4-4BE8-AD15-6D97B9CE4861}.Release|x64.ActiveCfg = Release|Any CPU
		{1FA967B5-E7A4-4BE8-AD15-6D97B9CE4861}.Release|x64.Build.0 = Release|Any CPU
		{1FA967B5-E7A4-4BE8-AD15-6D97B9CE4861}.Release|x86.ActiveCfg = Release|Any CPU
		{1FA967B5-E7A4-4BE8-AD15-6D97B9CE4861}.Release|x86.Build.0 = Release|Any CPU
		{659A6E7F-3C97-4608-BC1D-3E4D523ED924}.Debug|Any CPU.ActiveCfg = Debug|Any CPU
		{659A6E7F-3C97-4608-BC1D-3E4D523ED924}.Debug|Any CPU.Build.0 = Debug|Any CPU
		{659A6E7F-3C97-4608-BC1D-3E4D523ED924}.Debug|x64.ActiveCfg = Debug|Any CPU
		{659A6E7F-3C97-4608-BC1D-3E4D523ED924}.Debug|x64.Build.0 = Debug|Any CPU
		{659A6E7F-3C97-4608-BC1D-3E4D523ED924}.Debug|x86.ActiveCfg = Debug|Any CPU
		{659A6E7F-3C97-4608-BC1D-3E4D523ED924}.Debug|x86.Build.0 = Debug|Any CPU
		{659A6E7F-3C97-4608-BC1D-3E4D523ED924}.Release|Any CPU.ActiveCfg = Release|Any CPU
		{659A6E7F-3C97-4608-BC1D-3E4D523ED924}.Release|Any CPU.Build.0 = Release|Any CPU
		{659A6E7F-3C97-4608-BC1D-3E4D523ED924}.Release|x64.ActiveCfg = Release|Any CPU
		{659A6E7F-3C97-4608-BC1D-3E4D523ED924}.Release|x64.Build.0 = Release|Any CPU
		{659A6E7F-3C97-4608-BC1D-3E4D523ED924}.Release|x86.ActiveCfg = Release|Any CPU
		{659A6E7F-3C97-4608-BC1D-3E4D523ED924}.Release|x86.Build.0 = Release|Any CPU
		{688B664C-B133-4E55-9DCD-FE278788CF5B}.Debug|Any CPU.ActiveCfg = Debug|Any CPU
		{688B664C-B133-4E55-9DCD-FE278788CF5B}.Debug|Any CPU.Build.0 = Debug|Any CPU
		{688B664C-B133-4E55-9DCD-FE278788CF5B}.Debug|x64.ActiveCfg = Debug|Any CPU
		{688B664C-B133-4E55-9DCD-FE278788CF5B}.Debug|x64.Build.0 = Debug|Any CPU
		{688B664C-B133-4E55-9DCD-FE278788CF5B}.Debug|x86.ActiveCfg = Debug|Any CPU
		{688B664C-B133-4E55-9DCD-FE278788CF5B}.Debug|x86.Build.0 = Debug|Any CPU
		{688B664C-B133-4E55-9DCD-FE278788CF5B}.Release|Any CPU.ActiveCfg = Release|Any CPU
		{688B664C-B133-4E55-9DCD-FE278788CF5B}.Release|Any CPU.Build.0 = Release|Any CPU
		{688B664C-B133-4E55-9DCD-FE278788CF5B}.Release|x64.ActiveCfg = Release|Any CPU
		{688B664C-B133-4E55-9DCD-FE278788CF5B}.Release|x64.Build.0 = Release|Any CPU
		{688B664C-B133-4E55-9DCD-FE278788CF5B}.Release|x86.ActiveCfg = Release|Any CPU
		{688B664C-B133-4E55-9DCD-FE278788CF5B}.Release|x86.Build.0 = Release|Any CPU
		{7C2168FE-F3B4-4A81-B3B9-CA6AF5A7987E}.Debug|Any CPU.ActiveCfg = Debug|Any CPU
		{7C2168FE-F3B4-4A81-B3B9-CA6AF5A7987E}.Debug|Any CPU.Build.0 = Debug|Any CPU
		{7C2168FE-F3B4-4A81-B3B9-CA6AF5A7987E}.Debug|x64.ActiveCfg = Debug|Any CPU
		{7C2168FE-F3B4-4A81-B3B9-CA6AF5A7987E}.Debug|x64.Build.0 = Debug|Any CPU
		{7C2168FE-F3B4-4A81-B3B9-CA6AF5A7987E}.Debug|x86.ActiveCfg = Debug|Any CPU
		{7C2168FE-F3B4-4A81-B3B9-CA6AF5A7987E}.Debug|x86.Build.0 = Debug|Any CPU
		{7C2168FE-F3B4-4A81-B3B9-CA6AF5A7987E}.Release|Any CPU.ActiveCfg = Release|Any CPU
		{7C2168FE-F3B4-4A81-B3B9-CA6AF5A7987E}.Release|Any CPU.Build.0 = Release|Any CPU
		{7C2168FE-F3B4-4A81-B3B9-CA6AF5A7987E}.Release|x64.ActiveCfg = Release|Any CPU
		{7C2168FE-F3B4-4A81-B3B9-CA6AF5A7987E}.Release|x64.Build.0 = Release|Any CPU
		{7C2168FE-F3B4-4A81-B3B9-CA6AF5A7987E}.Release|x86.ActiveCfg = Release|Any CPU
		{7C2168FE-F3B4-4A81-B3B9-CA6AF5A7987E}.Release|x86.Build.0 = Release|Any CPU
		{3658F293-97CE-4E53-8E7F-C13B0CF4023D}.Debug|Any CPU.ActiveCfg = Debug|Any CPU
		{3658F293-97CE-4E53-8E7F-C13B0CF4023D}.Debug|Any CPU.Build.0 = Debug|Any CPU
		{3658F293-97CE-4E53-8E7F-C13B0CF4023D}.Debug|x64.ActiveCfg = Debug|Any CPU
		{3658F293-97CE-4E53-8E7F-C13B0CF4023D}.Debug|x64.Build.0 = Debug|Any CPU
		{3658F293-97CE-4E53-8E7F-C13B0CF4023D}.Debug|x86.ActiveCfg = Debug|Any CPU
		{3658F293-97CE-4E53-8E7F-C13B0CF4023D}.Debug|x86.Build.0 = Debug|Any CPU
		{3658F293-97CE-4E53-8E7F-C13B0CF4023D}.Release|Any CPU.ActiveCfg = Release|Any CPU
		{3658F293-97CE-4E53-8E7F-C13B0CF4023D}.Release|Any CPU.Build.0 = Release|Any CPU
		{3658F293-97CE-4E53-8E7F-C13B0CF4023D}.Release|x64.ActiveCfg = Release|Any CPU
		{3658F293-97CE-4E53-8E7F-C13B0CF4023D}.Release|x64.Build.0 = Release|Any CPU
		{3658F293-97CE-4E53-8E7F-C13B0CF4023D}.Release|x86.ActiveCfg = Release|Any CPU
		{3658F293-97CE-4E53-8E7F-C13B0CF4023D}.Release|x86.Build.0 = Release|Any CPU
		{1CF89538-8867-49EC-9BF0-8ED495EC89C0}.Debug|Any CPU.ActiveCfg = Debug|Any CPU
		{1CF89538-8867-49EC-9BF0-8ED495EC89C0}.Debug|Any CPU.Build.0 = Debug|Any CPU
		{1CF89538-8867-49EC-9BF0-8ED495EC89C0}.Debug|x64.ActiveCfg = Debug|Any CPU
		{1CF89538-8867-49EC-9BF0-8ED495EC89C0}.Debug|x64.Build.0 = Debug|Any CPU
		{1CF89538-8867-49EC-9BF0-8ED495EC89C0}.Debug|x86.ActiveCfg = Debug|Any CPU
		{1CF89538-8867-49EC-9BF0-8ED495EC89C0}.Debug|x86.Build.0 = Debug|Any CPU
		{1CF89538-8867-49EC-9BF0-8ED495EC89C0}.Release|Any CPU.ActiveCfg = Release|Any CPU
		{1CF89538-8867-49EC-9BF0-8ED495EC89C0}.Release|Any CPU.Build.0 = Release|Any CPU
		{1CF89538-8867-49EC-9BF0-8ED495EC89C0}.Release|x64.ActiveCfg = Release|Any CPU
		{1CF89538-8867-49EC-9BF0-8ED495EC89C0}.Release|x64.Build.0 = Release|Any CPU
		{1CF89538-8867-49EC-9BF0-8ED495EC89C0}.Release|x86.ActiveCfg = Release|Any CPU
		{1CF89538-8867-49EC-9BF0-8ED495EC89C0}.Release|x86.Build.0 = Release|Any CPU
		{876E7E7A-1B38-4C82-A880-189F463A1149}.Debug|Any CPU.ActiveCfg = Debug|Any CPU
		{876E7E7A-1B38-4C82-A880-189F463A1149}.Debug|Any CPU.Build.0 = Debug|Any CPU
		{876E7E7A-1B38-4C82-A880-189F463A1149}.Debug|x64.ActiveCfg = Debug|Any CPU
		{876E7E7A-1B38-4C82-A880-189F463A1149}.Debug|x64.Build.0 = Debug|Any CPU
		{876E7E7A-1B38-4C82-A880-189F463A1149}.Debug|x86.ActiveCfg = Debug|Any CPU
		{876E7E7A-1B38-4C82-A880-189F463A1149}.Debug|x86.Build.0 = Debug|Any CPU
		{876E7E7A-1B38-4C82-A880-189F463A1149}.Release|Any CPU.ActiveCfg = Release|Any CPU
		{876E7E7A-1B38-4C82-A880-189F463A1149}.Release|Any CPU.Build.0 = Release|Any CPU
		{876E7E7A-1B38-4C82-A880-189F463A1149}.Release|x64.ActiveCfg = Release|Any CPU
		{876E7E7A-1B38-4C82-A880-189F463A1149}.Release|x64.Build.0 = Release|Any CPU
		{876E7E7A-1B38-4C82-A880-189F463A1149}.Release|x86.ActiveCfg = Release|Any CPU
		{876E7E7A-1B38-4C82-A880-189F463A1149}.Release|x86.Build.0 = Release|Any CPU
		{3BA599E8-3C3E-4560-99A2-1C21E7FE8B0C}.Debug|Any CPU.ActiveCfg = Debug|Any CPU
		{3BA599E8-3C3E-4560-99A2-1C21E7FE8B0C}.Debug|Any CPU.Build.0 = Debug|Any CPU
		{3BA599E8-3C3E-4560-99A2-1C21E7FE8B0C}.Debug|x64.ActiveCfg = Debug|Any CPU
		{3BA599E8-3C3E-4560-99A2-1C21E7FE8B0C}.Debug|x64.Build.0 = Debug|Any CPU
		{3BA599E8-3C3E-4560-99A2-1C21E7FE8B0C}.Debug|x86.ActiveCfg = Debug|Any CPU
		{3BA599E8-3C3E-4560-99A2-1C21E7FE8B0C}.Debug|x86.Build.0 = Debug|Any CPU
		{3BA599E8-3C3E-4560-99A2-1C21E7FE8B0C}.Release|Any CPU.ActiveCfg = Release|Any CPU
		{3BA599E8-3C3E-4560-99A2-1C21E7FE8B0C}.Release|Any CPU.Build.0 = Release|Any CPU
		{3BA599E8-3C3E-4560-99A2-1C21E7FE8B0C}.Release|x64.ActiveCfg = Release|Any CPU
		{3BA599E8-3C3E-4560-99A2-1C21E7FE8B0C}.Release|x64.Build.0 = Release|Any CPU
		{3BA599E8-3C3E-4560-99A2-1C21E7FE8B0C}.Release|x86.ActiveCfg = Release|Any CPU
		{3BA599E8-3C3E-4560-99A2-1C21E7FE8B0C}.Release|x86.Build.0 = Release|Any CPU
		{9846102D-08E9-4A92-B531-D5CEE6BC6048}.Debug|Any CPU.ActiveCfg = Debug|Any CPU
		{9846102D-08E9-4A92-B531-D5CEE6BC6048}.Debug|Any CPU.Build.0 = Debug|Any CPU
		{9846102D-08E9-4A92-B531-D5CEE6BC6048}.Debug|x64.ActiveCfg = Debug|Any CPU
		{9846102D-08E9-4A92-B531-D5CEE6BC6048}.Debug|x64.Build.0 = Debug|Any CPU
		{9846102D-08E9-4A92-B531-D5CEE6BC6048}.Debug|x86.ActiveCfg = Debug|Any CPU
		{9846102D-08E9-4A92-B531-D5CEE6BC6048}.Debug|x86.Build.0 = Debug|Any CPU
		{9846102D-08E9-4A92-B531-D5CEE6BC6048}.Release|Any CPU.ActiveCfg = Release|Any CPU
		{9846102D-08E9-4A92-B531-D5CEE6BC6048}.Release|Any CPU.Build.0 = Release|Any CPU
		{9846102D-08E9-4A92-B531-D5CEE6BC6048}.Release|x64.ActiveCfg = Release|Any CPU
		{9846102D-08E9-4A92-B531-D5CEE6BC6048}.Release|x64.Build.0 = Release|Any CPU
		{9846102D-08E9-4A92-B531-D5CEE6BC6048}.Release|x86.ActiveCfg = Release|Any CPU
		{9846102D-08E9-4A92-B531-D5CEE6BC6048}.Release|x86.Build.0 = Release|Any CPU
		{19827CDE-02EB-4D84-8B75-A6AAFCEBC167}.Debug|Any CPU.ActiveCfg = Debug|Any CPU
		{19827CDE-02EB-4D84-8B75-A6AAFCEBC167}.Debug|Any CPU.Build.0 = Debug|Any CPU
		{19827CDE-02EB-4D84-8B75-A6AAFCEBC167}.Debug|x64.ActiveCfg = Debug|Any CPU
		{19827CDE-02EB-4D84-8B75-A6AAFCEBC167}.Debug|x64.Build.0 = Debug|Any CPU
		{19827CDE-02EB-4D84-8B75-A6AAFCEBC167}.Debug|x86.ActiveCfg = Debug|Any CPU
		{19827CDE-02EB-4D84-8B75-A6AAFCEBC167}.Debug|x86.Build.0 = Debug|Any CPU
		{19827CDE-02EB-4D84-8B75-A6AAFCEBC167}.Release|Any CPU.ActiveCfg = Release|Any CPU
		{19827CDE-02EB-4D84-8B75-A6AAFCEBC167}.Release|Any CPU.Build.0 = Release|Any CPU
		{19827CDE-02EB-4D84-8B75-A6AAFCEBC167}.Release|x64.ActiveCfg = Release|Any CPU
		{19827CDE-02EB-4D84-8B75-A6AAFCEBC167}.Release|x64.Build.0 = Release|Any CPU
		{19827CDE-02EB-4D84-8B75-A6AAFCEBC167}.Release|x86.ActiveCfg = Release|Any CPU
		{19827CDE-02EB-4D84-8B75-A6AAFCEBC167}.Release|x86.Build.0 = Release|Any CPU
		{684B10F4-082A-4389-AD87-1D2821BE4456}.Debug|Any CPU.ActiveCfg = Debug|Any CPU
		{684B10F4-082A-4389-AD87-1D2821BE4456}.Debug|Any CPU.Build.0 = Debug|Any CPU
		{684B10F4-082A-4389-AD87-1D2821BE4456}.Debug|x64.ActiveCfg = Debug|Any CPU
		{684B10F4-082A-4389-AD87-1D2821BE4456}.Debug|x64.Build.0 = Debug|Any CPU
		{684B10F4-082A-4389-AD87-1D2821BE4456}.Debug|x86.ActiveCfg = Debug|Any CPU
		{684B10F4-082A-4389-AD87-1D2821BE4456}.Debug|x86.Build.0 = Debug|Any CPU
		{684B10F4-082A-4389-AD87-1D2821BE4456}.Release|Any CPU.ActiveCfg = Release|Any CPU
		{684B10F4-082A-4389-AD87-1D2821BE4456}.Release|Any CPU.Build.0 = Release|Any CPU
		{684B10F4-082A-4389-AD87-1D2821BE4456}.Release|x64.ActiveCfg = Release|Any CPU
		{684B10F4-082A-4389-AD87-1D2821BE4456}.Release|x64.Build.0 = Release|Any CPU
		{684B10F4-082A-4389-AD87-1D2821BE4456}.Release|x86.ActiveCfg = Release|Any CPU
		{684B10F4-082A-4389-AD87-1D2821BE4456}.Release|x86.Build.0 = Release|Any CPU
		{C294A222-227C-4580-A6F6-3513AFC0E2B8}.Debug|Any CPU.ActiveCfg = Debug|Any CPU
		{C294A222-227C-4580-A6F6-3513AFC0E2B8}.Debug|Any CPU.Build.0 = Debug|Any CPU
		{C294A222-227C-4580-A6F6-3513AFC0E2B8}.Debug|x64.ActiveCfg = Debug|Any CPU
		{C294A222-227C-4580-A6F6-3513AFC0E2B8}.Debug|x64.Build.0 = Debug|Any CPU
		{C294A222-227C-4580-A6F6-3513AFC0E2B8}.Debug|x86.ActiveCfg = Debug|Any CPU
		{C294A222-227C-4580-A6F6-3513AFC0E2B8}.Debug|x86.Build.0 = Debug|Any CPU
		{C294A222-227C-4580-A6F6-3513AFC0E2B8}.Release|Any CPU.ActiveCfg = Release|Any CPU
		{C294A222-227C-4580-A6F6-3513AFC0E2B8}.Release|Any CPU.Build.0 = Release|Any CPU
		{C294A222-227C-4580-A6F6-3513AFC0E2B8}.Release|x64.ActiveCfg = Release|Any CPU
		{C294A222-227C-4580-A6F6-3513AFC0E2B8}.Release|x64.Build.0 = Release|Any CPU
		{C294A222-227C-4580-A6F6-3513AFC0E2B8}.Release|x86.ActiveCfg = Release|Any CPU
		{C294A222-227C-4580-A6F6-3513AFC0E2B8}.Release|x86.Build.0 = Release|Any CPU
		{44E354E1-EB65-4333-8B69-BC31C8A58664}.Debug|Any CPU.ActiveCfg = Debug|Any CPU
		{44E354E1-EB65-4333-8B69-BC31C8A58664}.Debug|Any CPU.Build.0 = Debug|Any CPU
		{44E354E1-EB65-4333-8B69-BC31C8A58664}.Debug|x64.ActiveCfg = Debug|Any CPU
		{44E354E1-EB65-4333-8B69-BC31C8A58664}.Debug|x64.Build.0 = Debug|Any CPU
		{44E354E1-EB65-4333-8B69-BC31C8A58664}.Debug|x86.ActiveCfg = Debug|Any CPU
		{44E354E1-EB65-4333-8B69-BC31C8A58664}.Debug|x86.Build.0 = Debug|Any CPU
		{44E354E1-EB65-4333-8B69-BC31C8A58664}.Release|Any CPU.ActiveCfg = Release|Any CPU
		{44E354E1-EB65-4333-8B69-BC31C8A58664}.Release|Any CPU.Build.0 = Release|Any CPU
		{44E354E1-EB65-4333-8B69-BC31C8A58664}.Release|x64.ActiveCfg = Release|Any CPU
		{44E354E1-EB65-4333-8B69-BC31C8A58664}.Release|x64.Build.0 = Release|Any CPU
		{44E354E1-EB65-4333-8B69-BC31C8A58664}.Release|x86.ActiveCfg = Release|Any CPU
		{44E354E1-EB65-4333-8B69-BC31C8A58664}.Release|x86.Build.0 = Release|Any CPU
		{63FDDFFB-A72C-4884-A08E-F4B434C03D3C}.Debug|Any CPU.ActiveCfg = Debug|Any CPU
		{63FDDFFB-A72C-4884-A08E-F4B434C03D3C}.Debug|Any CPU.Build.0 = Debug|Any CPU
		{63FDDFFB-A72C-4884-A08E-F4B434C03D3C}.Debug|x64.ActiveCfg = Debug|Any CPU
		{63FDDFFB-A72C-4884-A08E-F4B434C03D3C}.Debug|x64.Build.0 = Debug|Any CPU
		{63FDDFFB-A72C-4884-A08E-F4B434C03D3C}.Debug|x86.ActiveCfg = Debug|Any CPU
		{63FDDFFB-A72C-4884-A08E-F4B434C03D3C}.Debug|x86.Build.0 = Debug|Any CPU
		{63FDDFFB-A72C-4884-A08E-F4B434C03D3C}.Release|Any CPU.ActiveCfg = Release|Any CPU
		{63FDDFFB-A72C-4884-A08E-F4B434C03D3C}.Release|Any CPU.Build.0 = Release|Any CPU
		{63FDDFFB-A72C-4884-A08E-F4B434C03D3C}.Release|x64.ActiveCfg = Release|Any CPU
		{63FDDFFB-A72C-4884-A08E-F4B434C03D3C}.Release|x64.Build.0 = Release|Any CPU
		{63FDDFFB-A72C-4884-A08E-F4B434C03D3C}.Release|x86.ActiveCfg = Release|Any CPU
		{63FDDFFB-A72C-4884-A08E-F4B434C03D3C}.Release|x86.Build.0 = Release|Any CPU
		{09B6ED08-C1F3-458D-AB61-4754A464BBC1}.Debug|Any CPU.ActiveCfg = Debug|Any CPU
		{09B6ED08-C1F3-458D-AB61-4754A464BBC1}.Debug|Any CPU.Build.0 = Debug|Any CPU
		{09B6ED08-C1F3-458D-AB61-4754A464BBC1}.Debug|x64.ActiveCfg = Debug|Any CPU
		{09B6ED08-C1F3-458D-AB61-4754A464BBC1}.Debug|x64.Build.0 = Debug|Any CPU
		{09B6ED08-C1F3-458D-AB61-4754A464BBC1}.Debug|x86.ActiveCfg = Debug|Any CPU
		{09B6ED08-C1F3-458D-AB61-4754A464BBC1}.Debug|x86.Build.0 = Debug|Any CPU
		{09B6ED08-C1F3-458D-AB61-4754A464BBC1}.Release|Any CPU.ActiveCfg = Release|Any CPU
		{09B6ED08-C1F3-458D-AB61-4754A464BBC1}.Release|Any CPU.Build.0 = Release|Any CPU
		{09B6ED08-C1F3-458D-AB61-4754A464BBC1}.Release|x64.ActiveCfg = Release|Any CPU
		{09B6ED08-C1F3-458D-AB61-4754A464BBC1}.Release|x64.Build.0 = Release|Any CPU
		{09B6ED08-C1F3-458D-AB61-4754A464BBC1}.Release|x86.ActiveCfg = Release|Any CPU
		{09B6ED08-C1F3-458D-AB61-4754A464BBC1}.Release|x86.Build.0 = Release|Any CPU
		{46E1261B-9C62-4483-93BD-0262D9372354}.Debug|Any CPU.ActiveCfg = Debug|Any CPU
		{46E1261B-9C62-4483-93BD-0262D9372354}.Debug|Any CPU.Build.0 = Debug|Any CPU
		{46E1261B-9C62-4483-93BD-0262D9372354}.Debug|x64.ActiveCfg = Debug|Any CPU
		{46E1261B-9C62-4483-93BD-0262D9372354}.Debug|x64.Build.0 = Debug|Any CPU
		{46E1261B-9C62-4483-93BD-0262D9372354}.Debug|x86.ActiveCfg = Debug|Any CPU
		{46E1261B-9C62-4483-93BD-0262D9372354}.Debug|x86.Build.0 = Debug|Any CPU
		{46E1261B-9C62-4483-93BD-0262D9372354}.Release|Any CPU.ActiveCfg = Release|Any CPU
		{46E1261B-9C62-4483-93BD-0262D9372354}.Release|Any CPU.Build.0 = Release|Any CPU
		{46E1261B-9C62-4483-93BD-0262D9372354}.Release|x64.ActiveCfg = Release|Any CPU
		{46E1261B-9C62-4483-93BD-0262D9372354}.Release|x64.Build.0 = Release|Any CPU
		{46E1261B-9C62-4483-93BD-0262D9372354}.Release|x86.ActiveCfg = Release|Any CPU
		{46E1261B-9C62-4483-93BD-0262D9372354}.Release|x86.Build.0 = Release|Any CPU
		{65C2BFAA-3667-4CE0-AD1D-DC2C8E856FC0}.Debug|Any CPU.ActiveCfg = Debug|Any CPU
		{65C2BFAA-3667-4CE0-AD1D-DC2C8E856FC0}.Debug|Any CPU.Build.0 = Debug|Any CPU
		{65C2BFAA-3667-4CE0-AD1D-DC2C8E856FC0}.Debug|x64.ActiveCfg = Debug|Any CPU
		{65C2BFAA-3667-4CE0-AD1D-DC2C8E856FC0}.Debug|x64.Build.0 = Debug|Any CPU
		{65C2BFAA-3667-4CE0-AD1D-DC2C8E856FC0}.Debug|x86.ActiveCfg = Debug|Any CPU
		{65C2BFAA-3667-4CE0-AD1D-DC2C8E856FC0}.Debug|x86.Build.0 = Debug|Any CPU
		{65C2BFAA-3667-4CE0-AD1D-DC2C8E856FC0}.Release|Any CPU.ActiveCfg = Release|Any CPU
		{65C2BFAA-3667-4CE0-AD1D-DC2C8E856FC0}.Release|Any CPU.Build.0 = Release|Any CPU
		{65C2BFAA-3667-4CE0-AD1D-DC2C8E856FC0}.Release|x64.ActiveCfg = Release|Any CPU
		{65C2BFAA-3667-4CE0-AD1D-DC2C8E856FC0}.Release|x64.Build.0 = Release|Any CPU
		{65C2BFAA-3667-4CE0-AD1D-DC2C8E856FC0}.Release|x86.ActiveCfg = Release|Any CPU
		{65C2BFAA-3667-4CE0-AD1D-DC2C8E856FC0}.Release|x86.Build.0 = Release|Any CPU
		{C5CC91C3-2EBD-4F8E-A957-5CF162B4C9BA}.Debug|Any CPU.ActiveCfg = Debug|Any CPU
		{C5CC91C3-2EBD-4F8E-A957-5CF162B4C9BA}.Debug|Any CPU.Build.0 = Debug|Any CPU
		{C5CC91C3-2EBD-4F8E-A957-5CF162B4C9BA}.Debug|x64.ActiveCfg = Debug|Any CPU
		{C5CC91C3-2EBD-4F8E-A957-5CF162B4C9BA}.Debug|x64.Build.0 = Debug|Any CPU
		{C5CC91C3-2EBD-4F8E-A957-5CF162B4C9BA}.Debug|x86.ActiveCfg = Debug|Any CPU
		{C5CC91C3-2EBD-4F8E-A957-5CF162B4C9BA}.Debug|x86.Build.0 = Debug|Any CPU
		{C5CC91C3-2EBD-4F8E-A957-5CF162B4C9BA}.Release|Any CPU.ActiveCfg = Release|Any CPU
		{C5CC91C3-2EBD-4F8E-A957-5CF162B4C9BA}.Release|Any CPU.Build.0 = Release|Any CPU
		{C5CC91C3-2EBD-4F8E-A957-5CF162B4C9BA}.Release|x64.ActiveCfg = Release|Any CPU
		{C5CC91C3-2EBD-4F8E-A957-5CF162B4C9BA}.Release|x64.Build.0 = Release|Any CPU
		{C5CC91C3-2EBD-4F8E-A957-5CF162B4C9BA}.Release|x86.ActiveCfg = Release|Any CPU
		{C5CC91C3-2EBD-4F8E-A957-5CF162B4C9BA}.Release|x86.Build.0 = Release|Any CPU
		{6778C974-03E8-4A51-B5D5-A9230E0607D1}.Debug|Any CPU.ActiveCfg = Debug|Any CPU
		{6778C974-03E8-4A51-B5D5-A9230E0607D1}.Debug|Any CPU.Build.0 = Debug|Any CPU
		{6778C974-03E8-4A51-B5D5-A9230E0607D1}.Debug|x64.ActiveCfg = Debug|Any CPU
		{6778C974-03E8-4A51-B5D5-A9230E0607D1}.Debug|x64.Build.0 = Debug|Any CPU
		{6778C974-03E8-4A51-B5D5-A9230E0607D1}.Debug|x86.ActiveCfg = Debug|Any CPU
		{6778C974-03E8-4A51-B5D5-A9230E0607D1}.Debug|x86.Build.0 = Debug|Any CPU
		{6778C974-03E8-4A51-B5D5-A9230E0607D1}.Release|Any CPU.ActiveCfg = Release|Any CPU
		{6778C974-03E8-4A51-B5D5-A9230E0607D1}.Release|Any CPU.Build.0 = Release|Any CPU
		{6778C974-03E8-4A51-B5D5-A9230E0607D1}.Release|x64.ActiveCfg = Release|Any CPU
		{6778C974-03E8-4A51-B5D5-A9230E0607D1}.Release|x64.Build.0 = Release|Any CPU
		{6778C974-03E8-4A51-B5D5-A9230E0607D1}.Release|x86.ActiveCfg = Release|Any CPU
		{6778C974-03E8-4A51-B5D5-A9230E0607D1}.Release|x86.Build.0 = Release|Any CPU
		{57F6F9B8-2DF4-4E57-85AA-768C811D1DAE}.Debug|Any CPU.ActiveCfg = Debug|Any CPU
		{57F6F9B8-2DF4-4E57-85AA-768C811D1DAE}.Debug|Any CPU.Build.0 = Debug|Any CPU
		{57F6F9B8-2DF4-4E57-85AA-768C811D1DAE}.Debug|x64.ActiveCfg = Debug|Any CPU
		{57F6F9B8-2DF4-4E57-85AA-768C811D1DAE}.Debug|x64.Build.0 = Debug|Any CPU
		{57F6F9B8-2DF4-4E57-85AA-768C811D1DAE}.Debug|x86.ActiveCfg = Debug|Any CPU
		{57F6F9B8-2DF4-4E57-85AA-768C811D1DAE}.Debug|x86.Build.0 = Debug|Any CPU
		{57F6F9B8-2DF4-4E57-85AA-768C811D1DAE}.Release|Any CPU.ActiveCfg = Release|Any CPU
		{57F6F9B8-2DF4-4E57-85AA-768C811D1DAE}.Release|Any CPU.Build.0 = Release|Any CPU
		{57F6F9B8-2DF4-4E57-85AA-768C811D1DAE}.Release|x64.ActiveCfg = Release|Any CPU
		{57F6F9B8-2DF4-4E57-85AA-768C811D1DAE}.Release|x64.Build.0 = Release|Any CPU
		{57F6F9B8-2DF4-4E57-85AA-768C811D1DAE}.Release|x86.ActiveCfg = Release|Any CPU
		{57F6F9B8-2DF4-4E57-85AA-768C811D1DAE}.Release|x86.Build.0 = Release|Any CPU
	EndGlobalSection
	GlobalSection(SolutionProperties) = preSolution
		HideSolutionNode = FALSE
	EndGlobalSection
	GlobalSection(NestedProjects) = preSolution
		{78AEFC28-6A92-494C-9211-1D2185E98F8E} = {952D6189-5819-4F10-A771-C598E0CEAA3A}
		{461AEF88-EE91-449D-B698-20FA41AB8542} = {E35F287F-6E8E-45B3-923B-7E7469C4E129}
		{1FA967B5-E7A4-4BE8-AD15-6D97B9CE4861} = {E35F287F-6E8E-45B3-923B-7E7469C4E129}
		{659A6E7F-3C97-4608-BC1D-3E4D523ED924} = {E35F287F-6E8E-45B3-923B-7E7469C4E129}
		{688B664C-B133-4E55-9DCD-FE278788CF5B} = {374EFC31-C8DA-4CAB-9AA5-C6CE61AE5E74}
		{7C2168FE-F3B4-4A81-B3B9-CA6AF5A7987E} = {5761F4BE-9A5D-42BD-B258-6A11F32D903B}
		{3658F293-97CE-4E53-8E7F-C13B0CF4023D} = {5761F4BE-9A5D-42BD-B258-6A11F32D903B}
		{1CF89538-8867-49EC-9BF0-8ED495EC89C0} = {E35F287F-6E8E-45B3-923B-7E7469C4E129}
		{876E7E7A-1B38-4C82-A880-189F463A1149} = {EC447204-36E6-4BA7-BE93-EE37AED5E3A1}
		{3BA599E8-3C3E-4560-99A2-1C21E7FE8B0C} = {EC447204-36E6-4BA7-BE93-EE37AED5E3A1}
		{9846102D-08E9-4A92-B531-D5CEE6BC6048} = {7FA8D5DE-EA17-4E01-A7E8-55606DB85F82}
		{19827CDE-02EB-4D84-8B75-A6AAFCEBC167} = {7FA8D5DE-EA17-4E01-A7E8-55606DB85F82}
		{684B10F4-082A-4389-AD87-1D2821BE4456} = {374EFC31-C8DA-4CAB-9AA5-C6CE61AE5E74}
		{C294A222-227C-4580-A6F6-3513AFC0E2B8} = {20EB4653-E903-4E8D-8727-D3CEF962E782}
		{44E354E1-EB65-4333-8B69-BC31C8A58664} = {20EB4653-E903-4E8D-8727-D3CEF962E782}
		{63FDDFFB-A72C-4884-A08E-F4B434C03D3C} = {20EB4653-E903-4E8D-8727-D3CEF962E782}
		{09B6ED08-C1F3-458D-AB61-4754A464BBC1} = {1792D873-3AD4-4599-B658-C19B7B8243F6}
		{46E1261B-9C62-4483-93BD-0262D9372354} = {1792D873-3AD4-4599-B658-C19B7B8243F6}
		{65C2BFAA-3667-4CE0-AD1D-DC2C8E856FC0} = {1792D873-3AD4-4599-B658-C19B7B8243F6}
		{C5CC91C3-2EBD-4F8E-A957-5CF162B4C9BA} = {374EFC31-C8DA-4CAB-9AA5-C6CE61AE5E74}
		{6778C974-03E8-4A51-B5D5-A9230E0607D1} = {F991780B-48E0-4DDA-A1EB-7B9F15A8B4B1}
		{57F6F9B8-2DF4-4E57-85AA-768C811D1DAE} = {F991780B-48E0-4DDA-A1EB-7B9F15A8B4B1}
	EndGlobalSection
	GlobalSection(ExtensibilityGlobals) = postSolution
		SolutionGuid = {08547DC8-0754-4ECF-AE09-36E37DE7F820}
	EndGlobalSection
EndGlobal
