
Microsoft Visual Studio Solution File, Format Version 12.00
# Visual Studio 15
VisualStudioVersion = 15.0.26124.0
MinimumVisualStudioVersion = 15.0.26124.0
Project("{FAE04EC0-301F-11D3-BF4B-00C04F79EFBC}") = "SystemCatalog", "..\Src\SystemCatalog\SystemCatalog.csproj", "{5B020DE5-13B5-44AB-ABFC-F8A90A69B25B}"
EndProject
Project("{FAE04EC0-301F-11D3-BF4B-00C04F79EFBC}") = "SystemCatalog.Abstractions", "..\Src\SystemCatalog.Abstractions\SystemCatalog.Abstractions.csproj", "{164779D6-8E2F-4B37-A1A2-56C47414DDAE}"
EndProject
Project("{FAE04EC0-301F-11D3-BF4B-00C04F79EFBC}") = "SystemCatalog.Test", "..\Test\SystemCatalog.Test\SystemCatalog.Test.csproj", "{F132BA56-C0A3-4DC8-B6DB-F4EA65F28C51}"
EndProject
Project("{FAE04EC0-301F-11D3-BF4B-00C04F79EFBC}") = "SystemCatalog.Extensions", "..\Src\SystemCatalog.Extensions\SystemCatalog.Extensions.csproj", "{DF60BA63-D518-47FB-9BEA-592E45353E0E}"
EndProject
Global
	GlobalSection(SolutionConfigurationPlatforms) = preSolution
		Debug|Any CPU = Debug|Any CPU
		Debug|x64 = Debug|x64
		Debug|x86 = Debug|x86
		Release|Any CPU = Release|Any CPU
		Release|x64 = Release|x64
		Release|x86 = Release|x86
	EndGlobalSection
	GlobalSection(SolutionProperties) = preSolution
		HideSolutionNode = FALSE
	EndGlobalSection
	GlobalSection(ProjectConfigurationPlatforms) = postSolution
		{5B020DE5-13B5-44AB-ABFC-F8A90A69B25B}.Debug|Any CPU.ActiveCfg = Debug|Any CPU
		{5B020DE5-13B5-44AB-ABFC-F8A90A69B25B}.Debug|Any CPU.Build.0 = Debug|Any CPU
		{5B020DE5-13B5-44AB-ABFC-F8A90A69B25B}.Debug|x64.ActiveCfg = Debug|Any CPU
		{5B020DE5-13B5-44AB-ABFC-F8A90A69B25B}.Debug|x64.Build.0 = Debug|Any CPU
		{5B020DE5-13B5-44AB-ABFC-F8A90A69B25B}.Debug|x86.ActiveCfg = Debug|Any CPU
		{5B020DE5-13B5-44AB-ABFC-F8A90A69B25B}.Debug|x86.Build.0 = Debug|Any CPU
		{5B020DE5-13B5-44AB-ABFC-F8A90A69B25B}.Release|Any CPU.ActiveCfg = Release|Any CPU
		{5B020DE5-13B5-44AB-ABFC-F8A90A69B25B}.Release|Any CPU.Build.0 = Release|Any CPU
		{5B020DE5-13B5-44AB-ABFC-F8A90A69B25B}.Release|x64.ActiveCfg = Release|Any CPU
		{5B020DE5-13B5-44AB-ABFC-F8A90A69B25B}.Release|x64.Build.0 = Release|Any CPU
		{5B020DE5-13B5-44AB-ABFC-F8A90A69B25B}.Release|x86.ActiveCfg = Release|Any CPU
		{5B020DE5-13B5-44AB-ABFC-F8A90A69B25B}.Release|x86.Build.0 = Release|Any CPU
		{164779D6-8E2F-4B37-A1A2-56C47414DDAE}.Debug|Any CPU.ActiveCfg = Debug|Any CPU
		{164779D6-8E2F-4B37-A1A2-56C47414DDAE}.Debug|Any CPU.Build.0 = Debug|Any CPU
		{164779D6-8E2F-4B37-A1A2-56C47414DDAE}.Debug|x64.ActiveCfg = Debug|Any CPU
		{164779D6-8E2F-4B37-A1A2-56C47414DDAE}.Debug|x64.Build.0 = Debug|Any CPU
		{164779D6-8E2F-4B37-A1A2-56C47414DDAE}.Debug|x86.ActiveCfg = Debug|Any CPU
		{164779D6-8E2F-4B37-A1A2-56C47414DDAE}.Debug|x86.Build.0 = Debug|Any CPU
		{164779D6-8E2F-4B37-A1A2-56C47414DDAE}.Release|Any CPU.ActiveCfg = Release|Any CPU
		{164779D6-8E2F-4B37-A1A2-56C47414DDAE}.Release|Any CPU.Build.0 = Release|Any CPU
		{164779D6-8E2F-4B37-A1A2-56C47414DDAE}.Release|x64.ActiveCfg = Release|Any CPU
		{164779D6-8E2F-4B37-A1A2-56C47414DDAE}.Release|x64.Build.0 = Release|Any CPU
		{164779D6-8E2F-4B37-A1A2-56C47414DDAE}.Release|x86.ActiveCfg = Release|Any CPU
		{164779D6-8E2F-4B37-A1A2-56C47414DDAE}.Release|x86.Build.0 = Release|Any CPU
		{F132BA56-C0A3-4DC8-B6DB-F4EA65F28C51}.Debug|Any CPU.ActiveCfg = Debug|Any CPU
		{F132BA56-C0A3-4DC8-B6DB-F4EA65F28C51}.Debug|Any CPU.Build.0 = Debug|Any CPU
		{F132BA56-C0A3-4DC8-B6DB-F4EA65F28C51}.Debug|x64.ActiveCfg = Debug|Any CPU
		{F132BA56-C0A3-4DC8-B6DB-F4EA65F28C51}.Debug|x64.Build.0 = Debug|Any CPU
		{F132BA56-C0A3-4DC8-B6DB-F4EA65F28C51}.Debug|x86.ActiveCfg = Debug|Any CPU
		{F132BA56-C0A3-4DC8-B6DB-F4EA65F28C51}.Debug|x86.Build.0 = Debug|Any CPU
		{F132BA56-C0A3-4DC8-B6DB-F4EA65F28C51}.Release|Any CPU.ActiveCfg = Release|Any CPU
		{F132BA56-C0A3-4DC8-B6DB-F4EA65F28C51}.Release|Any CPU.Build.0 = Release|Any CPU
		{F132BA56-C0A3-4DC8-B6DB-F4EA65F28C51}.Release|x64.ActiveCfg = Release|Any CPU
		{F132BA56-C0A3-4DC8-B6DB-F4EA65F28C51}.Release|x64.Build.0 = Release|Any CPU
		{F132BA56-C0A3-4DC8-B6DB-F4EA65F28C51}.Release|x86.ActiveCfg = Release|Any CPU
		{F132BA56-C0A3-4DC8-B6DB-F4EA65F28C51}.Release|x86.Build.0 = Release|Any CPU
		{DF60BA63-D518-47FB-9BEA-592E45353E0E}.Debug|Any CPU.ActiveCfg = Debug|Any CPU
		{DF60BA63-D518-47FB-9BEA-592E45353E0E}.Debug|Any CPU.Build.0 = Debug|Any CPU
		{DF60BA63-D518-47FB-9BEA-592E45353E0E}.Debug|x64.ActiveCfg = Debug|Any CPU
		{DF60BA63-D518-47FB-9BEA-592E45353E0E}.Debug|x64.Build.0 = Debug|Any CPU
		{DF60BA63-D518-47FB-9BEA-592E45353E0E}.Debug|x86.ActiveCfg = Debug|Any CPU
		{DF60BA63-D518-47FB-9BEA-592E45353E0E}.Debug|x86.Build.0 = Debug|Any CPU
		{DF60BA63-D518-47FB-9BEA-592E45353E0E}.Release|Any CPU.ActiveCfg = Release|Any CPU
		{DF60BA63-D518-47FB-9BEA-592E45353E0E}.Release|Any CPU.Build.0 = Release|Any CPU
		{DF60BA63-D518-47FB-9BEA-592E45353E0E}.Release|x64.ActiveCfg = Release|Any CPU
		{DF60BA63-D518-47FB-9BEA-592E45353E0E}.Release|x64.Build.0 = Release|Any CPU
		{DF60BA63-D518-47FB-9BEA-592E45353E0E}.Release|x86.ActiveCfg = Release|Any CPU
		{DF60BA63-D518-47FB-9BEA-592E45353E0E}.Release|x86.Build.0 = Release|Any CPU
	EndGlobalSection
EndGlobal
