
Microsoft Visual Studio Solution File, Format Version 12.00
# Visual Studio Version 16
VisualStudioVersion = 16.0.29202.138
MinimumVisualStudioVersion = 15.0.26124.0
Project("{9A19103F-16F7-4668-BE54-9A1E7A4F7556}") = "Common", "..\..\Common\Src\Common\Common.csproj", "{C5CC91C3-2EBD-4F8E-A957-5CF162B4C9BA}"
EndProject
Project("{9A19103F-16F7-4668-BE54-9A1E7A4F7556}") = "LoadRunnerConsoleApp", "..\LoadRunnerConsoleApp\Src\LoadRunnerConsoleApp\LoadRunnerConsoleApp.csproj", "{9C12A738-E77D-495F-BA20-206E0F6839EC}"
EndProject
Global
	GlobalSection(SolutionConfigurationPlatforms) = preSolution
		Debug|Any CPU = Debug|Any CPU
		Debug|x64 = Debug|x64
		Debug|x86 = Debug|x86
		Release|Any CPU = Release|Any CPU
		Release|x64 = Release|x64
		Release|x86 = Release|x86
	EndGlobalSection
	GlobalSection(ProjectConfigurationPlatforms) = postSolution
		{C5CC91C3-2EBD-4F8E-A957-5CF162B4C9BA}.Debug|Any CPU.ActiveCfg = Debug|Any CPU
		{C5CC91C3-2EBD-4F8E-A957-5CF162B4C9BA}.Debug|Any CPU.Build.0 = Debug|Any CPU
		{C5CC91C3-2EBD-4F8E-A957-5CF162B4C9BA}.Debug|x64.ActiveCfg = Debug|Any CPU
		{C5CC91C3-2EBD-4F8E-A957-5CF162B4C9BA}.Debug|x64.Build.0 = Debug|Any CPU
		{C5CC91C3-2EBD-4F8E-A957-5CF162B4C9BA}.Debug|x86.ActiveCfg = Debug|Any CPU
		{C5CC91C3-2EBD-4F8E-A957-5CF162B4C9BA}.Debug|x86.Build.0 = Debug|Any CPU
		{C5CC91C3-2EBD-4F8E-A957-5CF162B4C9BA}.Release|Any CPU.ActiveCfg = Release|Any CPU
		{C5CC91C3-2EBD-4F8E-A957-5CF162B4C9BA}.Release|Any CPU.Build.0 = Release|Any CPU
		{C5CC91C3-2EBD-4F8E-A957-5CF162B4C9BA}.Release|x64.ActiveCfg = Release|Any CPU
		{C5CC91C3-2EBD-4F8E-A957-5CF162B4C9BA}.Release|x64.Build.0 = Release|Any CPU
		{C5CC91C3-2EBD-4F8E-A957-5CF162B4C9BA}.Release|x86.ActiveCfg = Release|Any CPU
		{C5CC91C3-2EBD-4F8E-A957-5CF162B4C9BA}.Release|x86.Build.0 = Release|Any CPU
		{9C12A738-E77D-495F-BA20-206E0F6839EC}.Debug|Any CPU.ActiveCfg = Debug|Any CPU
		{9C12A738-E77D-495F-BA20-206E0F6839EC}.Debug|Any CPU.Build.0 = Debug|Any CPU
		{9C12A738-E77D-495F-BA20-206E0F6839EC}.Debug|x64.ActiveCfg = Debug|Any CPU
		{9C12A738-E77D-495F-BA20-206E0F6839EC}.Debug|x64.Build.0 = Debug|Any CPU
		{9C12A738-E77D-495F-BA20-206E0F6839EC}.Debug|x86.ActiveCfg = Debug|Any CPU
		{9C12A738-E77D-495F-BA20-206E0F6839EC}.Debug|x86.Build.0 = Debug|Any CPU
		{9C12A738-E77D-495F-BA20-206E0F6839EC}.Release|Any CPU.ActiveCfg = Release|Any CPU
		{9C12A738-E77D-495F-BA20-206E0F6839EC}.Release|Any CPU.Build.0 = Release|Any CPU
		{9C12A738-E77D-495F-BA20-206E0F6839EC}.Release|x64.ActiveCfg = Release|Any CPU
		{9C12A738-E77D-495F-BA20-206E0F6839EC}.Release|x64.Build.0 = Release|Any CPU
		{9C12A738-E77D-495F-BA20-206E0F6839EC}.Release|x86.ActiveCfg = Release|Any CPU
		{9C12A738-E77D-495F-BA20-206E0F6839EC}.Release|x86.Build.0 = Release|Any CPU
	EndGlobalSection
	GlobalSection(SolutionProperties) = preSolution
		HideSolutionNode = FALSE
	EndGlobalSection
	GlobalSection(ExtensibilityGlobals) = postSolution
		SolutionGuid = {08547DC8-0754-4ECF-AE09-36E37DE7F820}
	EndGlobalSection
EndGlobal
