
Microsoft Visual Studio Solution File, Format Version 12.00
# Visual Studio Version 16
VisualStudioVersion = 16.0.30309.148
MinimumVisualStudioVersion = 10.0.40219.1
Project("{FAE04EC0-301F-11D3-BF4B-00C04F79EFBC}") = "KustoCompiler", "KustoCompiler\KustoCompiler.csproj", "{56ADFF4F-0B66-4649-B8B9-D37617895527}"
EndProject
Global
	GlobalSection(SolutionConfigurationPlatforms) = preSolution
		Debug|Any CPU = Debug|Any CPU
		Release|Any CPU = Release|Any CPU
	EndGlobalSection
	GlobalSection(ProjectConfigurationPlatforms) = postSolution
		{56ADFF4F-0B66-4649-B8B9-D37617895527}.Debug|Any CPU.ActiveCfg = Debug|Any CPU
		{56ADFF4F-0B66-4649-B8B9-D37617895527}.Debug|Any CPU.Build.0 = Debug|Any CPU
		{56ADFF4F-0B66-4649-B8B9-D37617895527}.Release|Any CPU.ActiveCfg = Release|Any CPU
		{56ADFF4F-0B66-4649-B8B9-D37617895527}.Release|Any CPU.Build.0 = Release|Any CPU
	EndGlobalSection
	GlobalSection(SolutionProperties) = preSolution
		HideSolutionNode = FALSE
	EndGlobalSection
	GlobalSection(ExtensibilityGlobals) = postSolution
		SolutionGuid = {0E2F6FE0-DD1B-4F44-9C3E-196C27DAFF95}
	EndGlobalSection
EndGlobal
