
Microsoft Visual Studio Solution File, Format Version 12.00
# Visual Studio 15
VisualStudioVersion = 15.0.28307.527
MinimumVisualStudioVersion = 10.0.40219.1
Project("{9A19103F-16F7-4668-BE54-9A1E7A4F7556}") = "SignalService.Client", "VsClk.SignalService\Client\SignalService.Client.csproj", "{88FA7CC6-8E57-4EF4-97AF-7E3628D23CEE}"
EndProject
Project("{9A19103F-16F7-4668-BE54-9A1E7A4F7556}") = "PresenceServiceHub.Contracts", "..\services\containers\VsClk.SignalService\PresenceServiceHub.Contracts\PresenceServiceHub.Contracts.csproj", "{95320F7F-1472-4243-A657-E15F0116C515}"
EndProject
Global
	GlobalSection(SolutionConfigurationPlatforms) = preSolution
		Debug|Any CPU = Debug|Any CPU
		Release|Any CPU = Release|Any CPU
	EndGlobalSection
	GlobalSection(ProjectConfigurationPlatforms) = postSolution
		{88FA7CC6-8E57-4EF4-97AF-7E3628D23CEE}.Debug|Any CPU.ActiveCfg = Debug|Any CPU
		{88FA7CC6-8E57-4EF4-97AF-7E3628D23CEE}.Debug|Any CPU.Build.0 = Debug|Any CPU
		{88FA7CC6-8E57-4EF4-97AF-7E3628D23CEE}.Release|Any CPU.ActiveCfg = Release|Any CPU
		{88FA7CC6-8E57-4EF4-97AF-7E3628D23CEE}.Release|Any CPU.Build.0 = Release|Any CPU
		{95320F7F-1472-4243-A657-E15F0116C515}.Debug|Any CPU.ActiveCfg = Debug|Any CPU
		{95320F7F-1472-4243-A657-E15F0116C515}.Debug|Any CPU.Build.0 = Debug|Any CPU
		{95320F7F-1472-4243-A657-E15F0116C515}.Release|Any CPU.ActiveCfg = Release|Any CPU
		{95320F7F-1472-4243-A657-E15F0116C515}.Release|Any CPU.Build.0 = Release|Any CPU
	EndGlobalSection
	GlobalSection(SolutionProperties) = preSolution
		HideSolutionNode = FALSE
	EndGlobalSection
	GlobalSection(ExtensibilityGlobals) = postSolution
		SolutionGuid = {E6442FC9-439E-467C-A42D-E3FDC52F077E}
	EndGlobalSection
EndGlobal
